<?xml version="1.0" encoding="utf-8"?>
<Project ToolsVersion="4.0" xmlns="http://schemas.microsoft.com/developer/msbuild/2003">
  <ItemGroup>
    <Filter Include="Source Files">
      <UniqueIdentifier>{4FC737F1-C7A5-4376-A066-2A32D752A2FF}</UniqueIdentifier>
      <Extensions>cpp;c;cc;cxx;def;odl;idl;hpj;bat;asm;asmx</Extensions>
    </Filter>
    <Filter Include="Header Files">
      <UniqueIdentifier>{93995380-89BD-4b04-88EB-625FBE52EBFB}</UniqueIdentifier>
      <Extensions>h;hpp;hxx;hm;inl;inc;xsd</Extensions>
    </Filter>
    <Filter Include="Resource Files">
      <UniqueIdentifier>{67DA6AB6-F800-4c08-8B7A-83BB121AAD01}</UniqueIdentifier>
      <Extensions>rc;ico;cur;bmp;dlg;rc2;rct;bin;rgs;gif;jpg;jpeg;jpe;resx;tiff;tif;png;wav;mfcribbon-ms</Extensions>
    </Filter>
    <Filter Include="Dialogs">
      <UniqueIdentifier>{af8c685f-fbba-40d4-9a23-692afd6f5e53}</UniqueIdentifier>
    </Filter>
    <Filter Include="Dialogs\Headers">
      <UniqueIdentifier>{58525987-9580-4e39-a613-a1b000b2498a}</UniqueIdentifier>
    </Filter>
    <Filter Include="Third Party">
      <UniqueIdentifier>{524be248-fa5b-482b-8f03-3b2a88a1e4f4}</UniqueIdentifier>
    </Filter>
    <Filter Include="Third Party\base64">
      <UniqueIdentifier>{632c9571-5b54-4fc7-b4cb-25cb4abc7b96}</UniqueIdentifier>
    </Filter>
    <Filter Include="Third Party\pugixml">
      <UniqueIdentifier>{69e5923a-3694-4a7d-834b-59c61bb1fa00}</UniqueIdentifier>
    </Filter>
    <Filter Include="Win32">
      <UniqueIdentifier>{4e9ae2e0-3d79-4f76-a2cb-14d890049aca}</UniqueIdentifier>
    </Filter>
    <Filter Include="Win32\Controls">
      <UniqueIdentifier>{965e89b5-8902-466c-a26f-ab39814e4991}</UniqueIdentifier>
    </Filter>
  </ItemGroup>
  <ItemGroup>
    <ClCompile Include="dlg\dlg_about.cpp">
      <Filter>Dialogs</Filter>
    </ClCompile>
    <ClCompile Include="dlg\dlg_anime_info.cpp">
      <Filter>Dialogs</Filter>
    </ClCompile>
    <ClCompile Include="dlg\dlg_anime_info_page.cpp">
      <Filter>Dialogs</Filter>
    </ClCompile>
    <ClCompile Include="dlg\dlg_event.cpp">
      <Filter>Dialogs</Filter>
    </ClCompile>
    <ClCompile Include="dlg\dlg_filter.cpp">
      <Filter>Dialogs</Filter>
    </ClCompile>
    <ClCompile Include="dlg\dlg_format.cpp">
      <Filter>Dialogs</Filter>
    </ClCompile>
    <ClCompile Include="dlg\dlg_input.cpp">
      <Filter>Dialogs</Filter>
    </ClCompile>
    <ClCompile Include="dlg\dlg_main.cpp">
      <Filter>Dialogs</Filter>
    </ClCompile>
    <ClCompile Include="dlg\dlg_main_controls.cpp">
      <Filter>Dialogs</Filter>
    </ClCompile>
    <ClCompile Include="dlg\dlg_search.cpp">
      <Filter>Dialogs</Filter>
    </ClCompile>
    <ClCompile Include="dlg\dlg_settings.cpp">
      <Filter>Dialogs</Filter>
    </ClCompile>
    <ClCompile Include="dlg\dlg_settings_page.cpp">
      <Filter>Dialogs</Filter>
    </ClCompile>
    <ClCompile Include="dlg\dlg_test_recognition.cpp">
      <Filter>Dialogs</Filter>
    </ClCompile>
    <ClCompile Include="dlg\dlg_torrent.cpp">
      <Filter>Dialogs</Filter>
    </ClCompile>
    <ClCompile Include="dlg\dlg_torrent_filter.cpp">
      <Filter>Dialogs</Filter>
    </ClCompile>
    <ClCompile Include="action.cpp">
      <Filter>Source Files</Filter>
    </ClCompile>
    <ClCompile Include="anime.cpp">
      <Filter>Source Files</Filter>
    </ClCompile>
    <ClCompile Include="animelist.cpp">
      <Filter>Source Files</Filter>
    </ClCompile>
    <ClCompile Include="announce.cpp">
      <Filter>Source Files</Filter>
    </ClCompile>
    <ClCompile Include="common.cpp">
      <Filter>Source Files</Filter>
    </ClCompile>
    <ClCompile Include="dde.cpp">
      <Filter>Source Files</Filter>
    </ClCompile>
    <ClCompile Include="debug.cpp">
      <Filter>Source Files</Filter>
    </ClCompile>
    <ClCompile Include="encryption.cpp">
      <Filter>Source Files</Filter>
    </ClCompile>
    <ClCompile Include="event.cpp">
      <Filter>Source Files</Filter>
    </ClCompile>
    <ClCompile Include="gfx.cpp">
      <Filter>Source Files</Filter>
    </ClCompile>
    <ClCompile Include="http.cpp">
      <Filter>Source Files</Filter>
    </ClCompile>
    <ClCompile Include="http_client.cpp">
      <Filter>Source Files</Filter>
    </ClCompile>
    <ClCompile Include="list_sort.cpp">
      <Filter>Source Files</Filter>
    </ClCompile>
    <ClCompile Include="main.cpp">
      <Filter>Source Files</Filter>
    </ClCompile>
    <ClCompile Include="mediaplayers.cpp">
      <Filter>Source Files</Filter>
    </ClCompile>
    <ClCompile Include="menu.cpp">
      <Filter>Source Files</Filter>
    </ClCompile>
    <ClCompile Include="myanimelist.cpp">
      <Filter>Source Files</Filter>
    </ClCompile>
    <ClCompile Include="process.cpp">
      <Filter>Source Files</Filter>
    </ClCompile>
    <ClCompile Include="recognition.cpp">
      <Filter>Source Files</Filter>
    </ClCompile>
    <ClCompile Include="rss.cpp">
      <Filter>Source Files</Filter>
    </ClCompile>
    <ClCompile Include="script.cpp">
      <Filter>Source Files</Filter>
    </ClCompile>
    <ClCompile Include="search.cpp">
      <Filter>Source Files</Filter>
    </ClCompile>
    <ClCompile Include="settings.cpp">
      <Filter>Source Files</Filter>
    </ClCompile>
    <ClCompile Include="string.cpp">
      <Filter>Source Files</Filter>
    </ClCompile>
    <ClCompile Include="taiga.cpp">
      <Filter>Source Files</Filter>
    </ClCompile>
    <ClCompile Include="theme.cpp">
      <Filter>Source Files</Filter>
    </ClCompile>
    <ClCompile Include="xml.cpp">
      <Filter>Source Files</Filter>
    </ClCompile>
    <ClCompile Include="third_party\base64\base64.cpp">
      <Filter>Third Party\base64</Filter>
    </ClCompile>
    <ClCompile Include="third_party\pugixml\pugixml.cpp">
      <Filter>Third Party\pugixml</Filter>
    </ClCompile>
    <ClCompile Include="win32\win_dialog.cpp">
      <Filter>Win32</Filter>
    </ClCompile>
    <ClCompile Include="win32\win_gdi.cpp">
      <Filter>Win32</Filter>
    </ClCompile>
    <ClCompile Include="win32\win_main.cpp">
      <Filter>Win32</Filter>
    </ClCompile>
    <ClCompile Include="win32\win_menu.cpp">
      <Filter>Win32</Filter>
    </ClCompile>
    <ClCompile Include="win32\win_taskbar.cpp">
      <Filter>Win32</Filter>
    </ClCompile>
    <ClCompile Include="win32\win_taskdialog.cpp">
      <Filter>Win32</Filter>
    </ClCompile>
    <ClCompile Include="win32\win_window.cpp">
      <Filter>Win32</Filter>
    </ClCompile>
    <ClCompile Include="win32\win_ctl_treeview.cpp">
      <Filter>Win32\Controls</Filter>
    </ClCompile>
    <ClCompile Include="win32\win_ctl_combobox.cpp">
      <Filter>Win32\Controls</Filter>
    </ClCompile>
    <ClCompile Include="win32\win_ctl_edit.cpp">
      <Filter>Win32\Controls</Filter>
    </ClCompile>
    <ClCompile Include="win32\win_ctl_imagelist.cpp">
      <Filter>Win32\Controls</Filter>
    </ClCompile>
    <ClCompile Include="win32\win_ctl_listview.cpp">
      <Filter>Win32\Controls</Filter>
    </ClCompile>
    <ClCompile Include="win32\win_ctl_rebar.cpp">
      <Filter>Win32\Controls</Filter>
    </ClCompile>
    <ClCompile Include="win32\win_ctl_richedit.cpp">
      <Filter>Win32\Controls</Filter>
    </ClCompile>
    <ClCompile Include="win32\win_ctl_spin.cpp">
      <Filter>Win32\Controls</Filter>
    </ClCompile>
    <ClCompile Include="win32\win_ctl_statusbar.cpp">
      <Filter>Win32\Controls</Filter>
    </ClCompile>
    <ClCompile Include="win32\win_ctl_tab.cpp">
      <Filter>Win32\Controls</Filter>
    </ClCompile>
    <ClCompile Include="win32\win_ctl_toolbar.cpp">
      <Filter>Win32\Controls</Filter>
    </ClCompile>
    <ClCompile Include="win32\win_ctl_tooltip.cpp">
      <Filter>Win32\Controls</Filter>
    </ClCompile>
  </ItemGroup>
  <ItemGroup>
    <ClInclude Include="dlg\dlg_about.h">
      <Filter>Dialogs\Headers</Filter>
    </ClInclude>
    <ClInclude Include="dlg\dlg_anime_info.h">
      <Filter>Dialogs\Headers</Filter>
    </ClInclude>
    <ClInclude Include="dlg\dlg_anime_info_page.h">
      <Filter>Dialogs\Headers</Filter>
    </ClInclude>
    <ClInclude Include="dlg\dlg_event.h">
      <Filter>Dialogs\Headers</Filter>
    </ClInclude>
    <ClInclude Include="dlg\dlg_filter.h">
      <Filter>Dialogs\Headers</Filter>
    </ClInclude>
    <ClInclude Include="dlg\dlg_format.h">
      <Filter>Dialogs\Headers</Filter>
    </ClInclude>
    <ClInclude Include="dlg\dlg_input.h">
      <Filter>Dialogs\Headers</Filter>
    </ClInclude>
    <ClInclude Include="dlg\dlg_main.h">
      <Filter>Dialogs\Headers</Filter>
    </ClInclude>
    <ClInclude Include="dlg\dlg_search.h">
      <Filter>Dialogs\Headers</Filter>
    </ClInclude>
    <ClInclude Include="dlg\dlg_settings.h">
      <Filter>Dialogs\Headers</Filter>
    </ClInclude>
    <ClInclude Include="dlg\dlg_settings_page.h">
      <Filter>Dialogs\Headers</Filter>
    </ClInclude>
    <ClInclude Include="dlg\dlg_test_recognition.h">
      <Filter>Dialogs\Headers</Filter>
    </ClInclude>
    <ClInclude Include="dlg\dlg_torrent.h">
      <Filter>Dialogs\Headers</Filter>
    </ClInclude>
    <ClInclude Include="dlg\dlg_torrent_filter.h">
      <Filter>Dialogs\Headers</Filter>
    </ClInclude>
    <ClInclude Include="anime.h">
      <Filter>Header Files</Filter>
    </ClInclude>
    <ClInclude Include="animelist.h">
      <Filter>Header Files</Filter>
    </ClInclude>
    <ClInclude Include="announce.h">
      <Filter>Header Files</Filter>
    </ClInclude>
    <ClInclude Include="common.h">
      <Filter>Header Files</Filter>
    </ClInclude>
    <ClInclude Include="dde.h">
      <Filter>Header Files</Filter>
    </ClInclude>
    <ClInclude Include="event.h">
      <Filter>Header Files</Filter>
    </ClInclude>
    <ClInclude Include="gfx.h">
      <Filter>Header Files</Filter>
    </ClInclude>
    <ClInclude Include="http.h">
      <Filter>Header Files</Filter>
    </ClInclude>
    <ClInclude Include="media.h">
      <Filter>Header Files</Filter>
    </ClInclude>
    <ClInclude Include="myanimelist.h">
      <Filter>Header Files</Filter>
    </ClInclude>
    <ClInclude Include="process.h">
      <Filter>Header Files</Filter>
    </ClInclude>
    <ClInclude Include="recognition.h">
      <Filter>Header Files</Filter>
    </ClInclude>
    <ClInclude Include="resource.h">
      <Filter>Header Files</Filter>
    </ClInclude>
    <ClInclude Include="rss.h">
      <Filter>Header Files</Filter>
    </ClInclude>
    <ClInclude Include="settings.h">
      <Filter>Header Files</Filter>
    </ClInclude>
    <ClInclude Include="std.h">
      <Filter>Header Files</Filter>
    </ClInclude>
    <ClInclude Include="string.h">
      <Filter>Header Files</Filter>
    </ClInclude>
    <ClInclude Include="taiga.h">
      <Filter>Header Files</Filter>
    </ClInclude>
    <ClInclude Include="theme.h">
      <Filter>Header Files</Filter>
    </ClInclude>
    <ClInclude Include="xml.h">
      <Filter>Header Files</Filter>
    </ClInclude>
    <ClInclude Include="third_party\pugixml\pugixml.hpp">
      <Filter>Third Party\pugixml</Filter>
    </ClInclude>
    <ClInclude Include="third_party\pugixml\pugiconfig.hpp">
      <Filter>Third Party\pugixml</Filter>
    </ClInclude>
    <ClInclude Include="win32\win_dialog.h">
      <Filter>Win32</Filter>
    </ClInclude>
    <ClInclude Include="win32\win_gdi.h">
      <Filter>Win32</Filter>
    </ClInclude>
    <ClInclude Include="win32\win_main.h">
      <Filter>Win32</Filter>
    </ClInclude>
    <ClInclude Include="win32\win_menu.h">
      <Filter>Win32</Filter>
    </ClInclude>
    <ClInclude Include="win32\win_taskbar.h">
      <Filter>Win32</Filter>
    </ClInclude>
    <ClInclude Include="win32\win_taskdialog.h">
      <Filter>Win32</Filter>
    </ClInclude>
    <ClInclude Include="win32\win_window.h">
      <Filter>Win32</Filter>
    </ClInclude>
    <ClInclude Include="win32\win_control.h">
      <Filter>Win32\Controls</Filter>
    </ClInclude>
  </ItemGroup>
  <ItemGroup>
    <ResourceCompile Include="resource.rc">
      <Filter>Resource Files</Filter>
    </ResourceCompile>
  </ItemGroup>
</Project>