<?xml version="1.0" encoding="utf-8"?>
<Project ToolsVersion="4.0" xmlns="http://schemas.microsoft.com/developer/msbuild/2003">
  <ItemGroup>
    <Filter Include="base">
      <UniqueIdentifier>{7445b39f-ce54-4d5d-8b95-9a45f6138c5f}</UniqueIdentifier>
    </Filter>
    <Filter Include="compat">
      <UniqueIdentifier>{d308910f-724a-44c6-a6b1-d79ee386a1a4}</UniqueIdentifier>
    </Filter>
    <Filter Include="deps">
      <UniqueIdentifier>{58598ee5-0814-4581-87d0-a28008a25893}</UniqueIdentifier>
    </Filter>
    <Filter Include="sync">
      <UniqueIdentifier>{ff7ccb38-f620-487f-b0de-e4d23f544d34}</UniqueIdentifier>
    </Filter>
    <Filter Include="taiga">
      <UniqueIdentifier>{4ebea91d-8158-4349-80bf-04399e1f6356}</UniqueIdentifier>
    </Filter>
    <Filter Include="track">
      <UniqueIdentifier>{94d61ae9-9528-4633-875c-8a84df33f677}</UniqueIdentifier>
    </Filter>
    <Filter Include="ui">
      <UniqueIdentifier>{aad11cb9-6941-4934-9c9a-6523a6da7d06}</UniqueIdentifier>
    </Filter>
    <Filter Include="deps\anisthesia">
      <UniqueIdentifier>{11b92802-1a55-4c3d-97ea-65840c4c1c7c}</UniqueIdentifier>
    </Filter>
    <Filter Include="deps\anitomy">
      <UniqueIdentifier>{09fde2fa-d11a-4179-b5ef-8f3924a3ab25}</UniqueIdentifier>
    </Filter>
    <Filter Include="deps\base64">
      <UniqueIdentifier>{e10ab21b-a2bf-4ffc-9e68-a2bfb8ab3ee4}</UniqueIdentifier>
    </Filter>
    <Filter Include="deps\curl">
      <UniqueIdentifier>{73658da5-e312-4fe4-85e6-38a578acf869}</UniqueIdentifier>
    </Filter>
    <Filter Include="deps\date">
      <UniqueIdentifier>{01a715e8-af40-4ff8-893b-7a9491d532c6}</UniqueIdentifier>
    </Filter>
    <Filter Include="deps\discord-rpc">
      <UniqueIdentifier>{5d7cb3eb-4d80-4756-9483-7c95c1d2c764}</UniqueIdentifier>
    </Filter>
    <Filter Include="deps\fmt">
      <UniqueIdentifier>{451cd069-4306-41ae-acd9-57c5c2606e51}</UniqueIdentifier>
    </Filter>
    <Filter Include="deps\json">
      <UniqueIdentifier>{dd9648e9-7e26-4239-a931-8fee59d183e7}</UniqueIdentifier>
    </Filter>
    <Filter Include="deps\monolog">
      <UniqueIdentifier>{c6b97ec8-114d-44c6-a87d-e4c7e3a2ecb1}</UniqueIdentifier>
    </Filter>
    <Filter Include="deps\pugixml">
      <UniqueIdentifier>{0f915cf6-1a44-47c9-8c1f-3a640aa5fb67}</UniqueIdentifier>
    </Filter>
    <Filter Include="deps\semaver">
      <UniqueIdentifier>{48fda121-559e-4cb2-9480-80a1baa8a730}</UniqueIdentifier>
    </Filter>
    <Filter Include="deps\utf8proc">
      <UniqueIdentifier>{810fd707-5236-421d-83d6-eb9251e1254d}</UniqueIdentifier>
    </Filter>
    <Filter Include="deps\windows">
      <UniqueIdentifier>{11f0ecfb-615d-4f52-9766-65668fa5f22f}</UniqueIdentifier>
    </Filter>
    <Filter Include="deps\windows\ctrl">
      <UniqueIdentifier>{a141982f-cc57-4b8f-a102-aa48c2a0ee94}</UniqueIdentifier>
    </Filter>
    <Filter Include="deps\zlib">
      <UniqueIdentifier>{1dd6ca23-29e1-4a1b-b1fb-a3b4988da7b0}</UniqueIdentifier>
    </Filter>
    <Filter Include="sync\anilist">
      <UniqueIdentifier>{b390951c-cbaf-4d02-871d-563957f7080e}</UniqueIdentifier>
    </Filter>
    <Filter Include="sync\kitsu">
      <UniqueIdentifier>{4eb462d7-7759-463c-99cf-e34daf381970}</UniqueIdentifier>
    </Filter>
    <Filter Include="sync\myanimelist">
      <UniqueIdentifier>{bf5a6cc7-a783-4694-9bcf-49c694959131}</UniqueIdentifier>
    </Filter>
    <Filter Include="ui\dlg">
      <UniqueIdentifier>{1fde5dda-2f86-4de5-a8cc-da7664cc759b}</UniqueIdentifier>
    </Filter>
    <Filter Include="ui\translate">
      <UniqueIdentifier>{2c0973ec-528b-4dbd-ac4d-c1d3cec7cf6d}</UniqueIdentifier>
    </Filter>
    <Filter Include="link">
      <UniqueIdentifier>{2a28c4c6-119f-44bc-b65e-63b902b26747}</UniqueIdentifier>
    </Filter>
    <Filter Include="media">
      <UniqueIdentifier>{6d14270c-63bd-4f09-b615-0f76b9f01ce2}</UniqueIdentifier>
    </Filter>
    <Filter Include="media\anime">
      <UniqueIdentifier>{d6043b6b-33fb-470e-bab4-28380104489e}</UniqueIdentifier>
    </Filter>
    <Filter Include="media\library">
      <UniqueIdentifier>{9fac04ef-29f0-4083-a1a7-f20d503a40df}</UniqueIdentifier>
    </Filter>
    <Filter Include="track\recognition">
      <UniqueIdentifier>{6a572608-0475-41ce-a80f-9755eed93a1c}</UniqueIdentifier>
    </Filter>
    <Filter Include="track\files">
      <UniqueIdentifier>{edc8e3af-4dfc-442c-84e6-15b989941d4f}</UniqueIdentifier>
    </Filter>
    <Filter Include="track\torrents">
      <UniqueIdentifier>{ace9aed7-39a5-4f01-86df-477c7298724c}</UniqueIdentifier>
    </Filter>
    <Filter Include="deps\random">
      <UniqueIdentifier>{aef09e7a-0321-4422-9192-472e39604900}</UniqueIdentifier>
    </Filter>
  </ItemGroup>
  <ItemGroup>
    <ClCompile Include="..\..\src\main.cpp" />
    <ClCompile Include="..\..\src\base\base64.cpp">
      <Filter>base</Filter>
    </ClCompile>
    <ClCompile Include="..\..\src\base\crypto.cpp">
      <Filter>base</Filter>
    </ClCompile>
    <ClCompile Include="..\..\src\base\file.cpp">
      <Filter>base</Filter>
    </ClCompile>
    <ClCompile Include="..\..\src\base\file_monitor.cpp">
      <Filter>base</Filter>
    </ClCompile>
    <ClCompile Include="..\..\src\base\file_search.cpp">
      <Filter>base</Filter>
    </ClCompile>
    <ClCompile Include="..\..\src\base\gfx.cpp">
      <Filter>base</Filter>
    </ClCompile>
    <ClCompile Include="..\..\src\base\gzip.cpp">
      <Filter>base</Filter>
    </ClCompile>
    <ClCompile Include="..\..\src\base\html.cpp">
      <Filter>base</Filter>
    </ClCompile>
    <ClCompile Include="..\..\src\base\json.cpp">
      <Filter>base</Filter>
    </ClCompile>
    <ClCompile Include="..\..\src\base\oauth.cpp">
      <Filter>base</Filter>
    </ClCompile>
    <ClCompile Include="..\..\src\base\process.cpp">
      <Filter>base</Filter>
    </ClCompile>
    <ClCompile Include="..\..\src\base\settings.cpp">
      <Filter>base</Filter>
    </ClCompile>
    <ClCompile Include="..\..\src\base\string.cpp">
      <Filter>base</Filter>
    </ClCompile>
    <ClCompile Include="..\..\src\base\time.cpp">
      <Filter>base</Filter>
    </ClCompile>
    <ClCompile Include="..\..\src\base\timer.cpp">
      <Filter>base</Filter>
    </ClCompile>
    <ClCompile Include="..\..\src\base\url.cpp">
      <Filter>base</Filter>
    </ClCompile>
    <ClCompile Include="..\..\src\base\xml.cpp">
      <Filter>base</Filter>
    </ClCompile>
    <ClCompile Include="..\..\src\compat\anime_db.cpp">
      <Filter>compat</Filter>
    </ClCompile>
    <ClCompile Include="..\..\src\compat\history.cpp">
      <Filter>compat</Filter>
    </ClCompile>
    <ClCompile Include="..\..\src\compat\settings.cpp">
      <Filter>compat</Filter>
    </ClCompile>
    <ClCompile Include="..\..\deps\src\anisthesia\src\player.cpp">
      <Filter>deps\anisthesia</Filter>
    </ClCompile>
    <ClCompile Include="..\..\deps\src\anisthesia\src\util.cpp">
      <Filter>deps\anisthesia</Filter>
    </ClCompile>
    <ClCompile Include="..\..\deps\src\anisthesia\src\win_open_files.cpp">
      <Filter>deps\anisthesia</Filter>
    </ClCompile>
    <ClCompile Include="..\..\deps\src\anisthesia\src\win_platform.cpp">
      <Filter>deps\anisthesia</Filter>
    </ClCompile>
    <ClCompile Include="..\..\deps\src\anisthesia\src\win_strategies.cpp">
      <Filter>deps\anisthesia</Filter>
    </ClCompile>
    <ClCompile Include="..\..\deps\src\anisthesia\src\win_ui_automation.cpp">
      <Filter>deps\anisthesia</Filter>
    </ClCompile>
    <ClCompile Include="..\..\deps\src\anisthesia\src\win_util.cpp">
      <Filter>deps\anisthesia</Filter>
    </ClCompile>
    <ClCompile Include="..\..\deps\src\anisthesia\src\win_windows.cpp">
      <Filter>deps\anisthesia</Filter>
    </ClCompile>
    <ClCompile Include="..\..\deps\src\anitomy\anitomy\anitomy.cpp">
      <Filter>deps\anitomy</Filter>
    </ClCompile>
    <ClCompile Include="..\..\deps\src\anitomy\anitomy\element.cpp">
      <Filter>deps\anitomy</Filter>
    </ClCompile>
    <ClCompile Include="..\..\deps\src\anitomy\anitomy\keyword.cpp">
      <Filter>deps\anitomy</Filter>
    </ClCompile>
    <ClCompile Include="..\..\deps\src\anitomy\anitomy\parser.cpp">
      <Filter>deps\anitomy</Filter>
    </ClCompile>
    <ClCompile Include="..\..\deps\src\anitomy\anitomy\parser_helper.cpp">
      <Filter>deps\anitomy</Filter>
    </ClCompile>
    <ClCompile Include="..\..\deps\src\anitomy\anitomy\parser_number.cpp">
      <Filter>deps\anitomy</Filter>
    </ClCompile>
    <ClCompile Include="..\..\deps\src\anitomy\anitomy\string.cpp">
      <Filter>deps\anitomy</Filter>
    </ClCompile>
    <ClCompile Include="..\..\deps\src\anitomy\anitomy\token.cpp">
      <Filter>deps\anitomy</Filter>
    </ClCompile>
    <ClCompile Include="..\..\deps\src\anitomy\anitomy\tokenizer.cpp">
      <Filter>deps\anitomy</Filter>
    </ClCompile>
    <ClCompile Include="..\..\deps\src\base64\base64.cpp">
      <Filter>deps\base64</Filter>
    </ClCompile>
    <ClCompile Include="..\..\deps\src\discord-rpc\src\connection_win.cpp">
      <Filter>deps\discord-rpc</Filter>
    </ClCompile>
    <ClCompile Include="..\..\deps\src\discord-rpc\src\discord_register_win.cpp">
      <Filter>deps\discord-rpc</Filter>
    </ClCompile>
    <ClCompile Include="..\..\deps\src\discord-rpc\src\discord_rpc.cpp">
      <Filter>deps\discord-rpc</Filter>
    </ClCompile>
    <ClCompile Include="..\..\deps\src\discord-rpc\src\rpc_connection.cpp">
      <Filter>deps\discord-rpc</Filter>
    </ClCompile>
    <ClCompile Include="..\..\deps\src\discord-rpc\src\serialization.cpp">
      <Filter>deps\discord-rpc</Filter>
    </ClCompile>
    <ClCompile Include="..\..\deps\src\monolog\src\monolog.cpp">
      <Filter>deps\monolog</Filter>
    </ClCompile>
    <ClCompile Include="..\..\deps\src\pugixml\src\pugixml.cpp">
      <Filter>deps\pugixml</Filter>
    </ClCompile>
    <ClCompile Include="..\..\deps\src\utf8proc\utf8proc.c">
      <Filter>deps\utf8proc</Filter>
    </ClCompile>
    <ClCompile Include="..\..\deps\src\windows\win\application.cpp">
      <Filter>deps\windows</Filter>
    </ClCompile>
    <ClCompile Include="..\..\deps\src\windows\win\common_dialogs.cpp">
      <Filter>deps\windows</Filter>
    </ClCompile>
    <ClCompile Include="..\..\deps\src\windows\win\dde.cpp">
      <Filter>deps\windows</Filter>
    </ClCompile>
    <ClCompile Include="..\..\deps\src\windows\win\dialog.cpp">
      <Filter>deps\windows</Filter>
    </ClCompile>
    <ClCompile Include="..\..\deps\src\windows\win\error.cpp">
      <Filter>deps\windows</Filter>
    </ClCompile>
    <ClCompile Include="..\..\deps\src\windows\win\gdi.cpp">
      <Filter>deps\windows</Filter>
    </ClCompile>
    <ClCompile Include="..\..\deps\src\windows\win\gdi_plus.cpp">
      <Filter>deps\windows</Filter>
    </ClCompile>
    <ClCompile Include="..\..\deps\src\windows\win\handle.cpp">
      <Filter>deps\windows</Filter>
    </ClCompile>
    <ClCompile Include="..\..\deps\src\windows\win\menu.cpp">
      <Filter>deps\windows</Filter>
    </ClCompile>
    <ClCompile Include="..\..\deps\src\windows\win\registry.cpp">
      <Filter>deps\windows</Filter>
    </ClCompile>
    <ClCompile Include="..\..\deps\src\windows\win\resizable.cpp">
      <Filter>deps\windows</Filter>
    </ClCompile>
    <ClCompile Include="..\..\deps\src\windows\win\snappable.cpp">
      <Filter>deps\windows</Filter>
    </ClCompile>
    <ClCompile Include="..\..\deps\src\windows\win\string.cpp">
      <Filter>deps\windows</Filter>
    </ClCompile>
    <ClCompile Include="..\..\deps\src\windows\win\task_dialog.cpp">
      <Filter>deps\windows</Filter>
    </ClCompile>
    <ClCompile Include="..\..\deps\src\windows\win\taskbar.cpp">
      <Filter>deps\windows</Filter>
    </ClCompile>
    <ClCompile Include="..\..\deps\src\windows\win\thread.cpp">
      <Filter>deps\windows</Filter>
    </ClCompile>
    <ClCompile Include="..\..\deps\src\windows\win\version.cpp">
      <Filter>deps\windows</Filter>
    </ClCompile>
    <ClCompile Include="..\..\deps\src\windows\win\window.cpp">
      <Filter>deps\windows</Filter>
    </ClCompile>
    <ClCompile Include="..\..\deps\src\windows\win\window_map.cpp">
      <Filter>deps\windows</Filter>
    </ClCompile>
    <ClCompile Include="..\..\deps\src\windows\win\ctrl\combobox.cpp">
      <Filter>deps\windows\ctrl</Filter>
    </ClCompile>
    <ClCompile Include="..\..\deps\src\windows\win\ctrl\edit.cpp">
      <Filter>deps\windows\ctrl</Filter>
    </ClCompile>
    <ClCompile Include="..\..\deps\src\windows\win\ctrl\imagelist.cpp">
      <Filter>deps\windows\ctrl</Filter>
    </ClCompile>
    <ClCompile Include="..\..\deps\src\windows\win\ctrl\listview.cpp">
      <Filter>deps\windows\ctrl</Filter>
    </ClCompile>
    <ClCompile Include="..\..\deps\src\windows\win\ctrl\progressbar.cpp">
      <Filter>deps\windows\ctrl</Filter>
    </ClCompile>
    <ClCompile Include="..\..\deps\src\windows\win\ctrl\rebar.cpp">
      <Filter>deps\windows\ctrl</Filter>
    </ClCompile>
    <ClCompile Include="..\..\deps\src\windows\win\ctrl\richedit.cpp">
      <Filter>deps\windows\ctrl</Filter>
    </ClCompile>
    <ClCompile Include="..\..\deps\src\windows\win\ctrl\spin.cpp">
      <Filter>deps\windows\ctrl</Filter>
    </ClCompile>
    <ClCompile Include="..\..\deps\src\windows\win\ctrl\statusbar.cpp">
      <Filter>deps\windows\ctrl</Filter>
    </ClCompile>
    <ClCompile Include="..\..\deps\src\windows\win\ctrl\syslink.cpp">
      <Filter>deps\windows\ctrl</Filter>
    </ClCompile>
    <ClCompile Include="..\..\deps\src\windows\win\ctrl\tab.cpp">
      <Filter>deps\windows\ctrl</Filter>
    </ClCompile>
    <ClCompile Include="..\..\deps\src\windows\win\ctrl\toolbar.cpp">
      <Filter>deps\windows\ctrl</Filter>
    </ClCompile>
    <ClCompile Include="..\..\deps\src\windows\win\ctrl\tooltip.cpp">
      <Filter>deps\windows\ctrl</Filter>
    </ClCompile>
    <ClCompile Include="..\..\deps\src\windows\win\ctrl\treeview.cpp">
      <Filter>deps\windows\ctrl</Filter>
    </ClCompile>
    <ClCompile Include="..\..\deps\src\zlib\adler32.c">
      <Filter>deps\zlib</Filter>
    </ClCompile>
    <ClCompile Include="..\..\deps\src\zlib\compress.c">
      <Filter>deps\zlib</Filter>
    </ClCompile>
    <ClCompile Include="..\..\deps\src\zlib\crc32.c">
      <Filter>deps\zlib</Filter>
    </ClCompile>
    <ClCompile Include="..\..\deps\src\zlib\deflate.c">
      <Filter>deps\zlib</Filter>
    </ClCompile>
    <ClCompile Include="..\..\deps\src\zlib\gzclose.c">
      <Filter>deps\zlib</Filter>
    </ClCompile>
    <ClCompile Include="..\..\deps\src\zlib\gzlib.c">
      <Filter>deps\zlib</Filter>
    </ClCompile>
    <ClCompile Include="..\..\deps\src\zlib\gzread.c">
      <Filter>deps\zlib</Filter>
    </ClCompile>
    <ClCompile Include="..\..\deps\src\zlib\gzwrite.c">
      <Filter>deps\zlib</Filter>
    </ClCompile>
    <ClCompile Include="..\..\deps\src\zlib\infback.c">
      <Filter>deps\zlib</Filter>
    </ClCompile>
    <ClCompile Include="..\..\deps\src\zlib\inffast.c">
      <Filter>deps\zlib</Filter>
    </ClCompile>
    <ClCompile Include="..\..\deps\src\zlib\inflate.c">
      <Filter>deps\zlib</Filter>
    </ClCompile>
    <ClCompile Include="..\..\deps\src\zlib\inftrees.c">
      <Filter>deps\zlib</Filter>
    </ClCompile>
    <ClCompile Include="..\..\deps\src\zlib\trees.c">
      <Filter>deps\zlib</Filter>
    </ClCompile>
    <ClCompile Include="..\..\deps\src\zlib\uncompr.c">
      <Filter>deps\zlib</Filter>
    </ClCompile>
    <ClCompile Include="..\..\deps\src\zlib\zutil.c">
      <Filter>deps\zlib</Filter>
    </ClCompile>
    <ClCompile Include="..\..\src\sync\service.cpp">
      <Filter>sync</Filter>
    </ClCompile>
    <ClCompile Include="..\..\src\sync\sync.cpp">
      <Filter>sync</Filter>
    </ClCompile>
    <ClCompile Include="..\..\src\sync\anilist.cpp">
      <Filter>sync\anilist</Filter>
    </ClCompile>
    <ClCompile Include="..\..\src\sync\anilist_util.cpp">
      <Filter>sync\anilist</Filter>
    </ClCompile>
    <ClCompile Include="..\..\src\sync\kitsu.cpp">
      <Filter>sync\kitsu</Filter>
    </ClCompile>
    <ClCompile Include="..\..\src\sync\kitsu_util.cpp">
      <Filter>sync\kitsu</Filter>
    </ClCompile>
    <ClCompile Include="..\..\src\sync\myanimelist.cpp">
      <Filter>sync\myanimelist</Filter>
    </ClCompile>
    <ClCompile Include="..\..\src\sync\myanimelist_util.cpp">
      <Filter>sync\myanimelist</Filter>
    </ClCompile>
    <ClCompile Include="..\..\src\taiga\announce.cpp">
      <Filter>taiga</Filter>
    </ClCompile>
    <ClCompile Include="..\..\src\taiga\debug.cpp">
      <Filter>taiga</Filter>
    </ClCompile>
    <ClCompile Include="..\..\src\taiga\dummy.cpp">
      <Filter>taiga</Filter>
    </ClCompile>
    <ClCompile Include="..\..\src\taiga\orange.cpp">
      <Filter>taiga</Filter>
    </ClCompile>
    <ClCompile Include="..\..\src\taiga\path.cpp">
      <Filter>taiga</Filter>
    </ClCompile>
    <ClCompile Include="..\..\src\taiga\script.cpp">
      <Filter>taiga</Filter>
    </ClCompile>
    <ClCompile Include="..\..\src\taiga\settings.cpp">
      <Filter>taiga</Filter>
    </ClCompile>
    <ClCompile Include="..\..\src\taiga\stats.cpp">
      <Filter>taiga</Filter>
    </ClCompile>
    <ClCompile Include="..\..\src\taiga\timer.cpp">
      <Filter>taiga</Filter>
    </ClCompile>
    <ClCompile Include="..\..\src\taiga\update.cpp">
      <Filter>taiga</Filter>
    </ClCompile>
    <ClCompile Include="..\..\src\ui\dialog.cpp">
      <Filter>ui</Filter>
    </ClCompile>
    <ClCompile Include="..\..\src\ui\list.cpp">
      <Filter>ui</Filter>
    </ClCompile>
    <ClCompile Include="..\..\src\ui\menu.cpp">
      <Filter>ui</Filter>
    </ClCompile>
    <ClCompile Include="..\..\src\ui\theme.cpp">
      <Filter>ui</Filter>
    </ClCompile>
    <ClCompile Include="..\..\src\ui\ui.cpp">
      <Filter>ui</Filter>
    </ClCompile>
    <ClCompile Include="..\..\src\ui\dlg\dlg_about.cpp">
      <Filter>ui\dlg</Filter>
    </ClCompile>
    <ClCompile Include="..\..\src\ui\dlg\dlg_anime_info.cpp">
      <Filter>ui\dlg</Filter>
    </ClCompile>
    <ClCompile Include="..\..\src\ui\dlg\dlg_anime_info_page.cpp">
      <Filter>ui\dlg</Filter>
    </ClCompile>
    <ClCompile Include="..\..\src\ui\dlg\dlg_anime_list.cpp">
      <Filter>ui\dlg</Filter>
    </ClCompile>
    <ClCompile Include="..\..\src\ui\dlg\dlg_feed_condition.cpp">
      <Filter>ui\dlg</Filter>
    </ClCompile>
    <ClCompile Include="..\..\src\ui\dlg\dlg_feed_filter.cpp">
      <Filter>ui\dlg</Filter>
    </ClCompile>
    <ClCompile Include="..\..\src\ui\dlg\dlg_format.cpp">
      <Filter>ui\dlg</Filter>
    </ClCompile>
    <ClCompile Include="..\..\src\ui\dlg\dlg_history.cpp">
      <Filter>ui\dlg</Filter>
    </ClCompile>
    <ClCompile Include="..\..\src\ui\dlg\dlg_input.cpp">
      <Filter>ui\dlg</Filter>
    </ClCompile>
    <ClCompile Include="..\..\src\ui\dlg\dlg_main.cpp">
      <Filter>ui\dlg</Filter>
    </ClCompile>
    <ClCompile Include="..\..\src\ui\dlg\dlg_main_controls.cpp">
      <Filter>ui\dlg</Filter>
    </ClCompile>
    <ClCompile Include="..\..\src\ui\dlg\dlg_search.cpp">
      <Filter>ui\dlg</Filter>
    </ClCompile>
    <ClCompile Include="..\..\src\ui\dlg\dlg_season.cpp">
      <Filter>ui\dlg</Filter>
    </ClCompile>
    <ClCompile Include="..\..\src\ui\dlg\dlg_settings.cpp">
      <Filter>ui\dlg</Filter>
    </ClCompile>
    <ClCompile Include="..\..\src\ui\dlg\dlg_settings_page.cpp">
      <Filter>ui\dlg</Filter>
    </ClCompile>
    <ClCompile Include="..\..\src\ui\dlg\dlg_stats.cpp">
      <Filter>ui\dlg</Filter>
    </ClCompile>
    <ClCompile Include="..\..\src\ui\dlg\dlg_torrent.cpp">
      <Filter>ui\dlg</Filter>
    </ClCompile>
    <ClCompile Include="..\..\src\ui\dlg\dlg_update.cpp">
      <Filter>ui\dlg</Filter>
    </ClCompile>
    <ClCompile Include="..\..\src\ui\dlg\dlg_update_new.cpp">
      <Filter>ui\dlg</Filter>
    </ClCompile>
    <ClCompile Include="..\..\src\taiga\version.cpp">
      <Filter>taiga</Filter>
    </ClCompile>
    <ClCompile Include="..\..\src\ui\translate\anime.cpp">
      <Filter>ui\translate</Filter>
    </ClCompile>
    <ClCompile Include="..\..\src\ui\translate\list.cpp">
      <Filter>ui\translate</Filter>
    </ClCompile>
    <ClCompile Include="..\..\src\ui\translate\base.cpp">
      <Filter>ui\translate</Filter>
    </ClCompile>
    <ClCompile Include="..\..\deps\src\fmt\src\format.cc">
      <Filter>deps\fmt</Filter>
    </ClCompile>
    <ClCompile Include="..\..\src\base\command_line.cpp">
      <Filter>base</Filter>
    </ClCompile>
    <ClCompile Include="..\..\src\link\discord.cpp">
      <Filter>link</Filter>
    </ClCompile>
    <ClCompile Include="..\..\src\link\mirc.cpp">
      <Filter>link</Filter>
    </ClCompile>
    <ClCompile Include="..\..\src\link\http.cpp">
      <Filter>link</Filter>
    </ClCompile>
    <ClCompile Include="..\..\src\base\rss.cpp">
      <Filter>base</Filter>
    </ClCompile>
    <ClCompile Include="..\..\src\base\atf.cpp">
      <Filter>base</Filter>
    </ClCompile>
    <ClCompile Include="..\..\src\ui\resource.cpp">
      <Filter>ui</Filter>
    </ClCompile>
    <ClCompile Include="..\..\src\track\episode.cpp">
      <Filter>track</Filter>
    </ClCompile>
    <ClCompile Include="..\..\src\media\library\export.cpp">
      <Filter>media\library</Filter>
    </ClCompile>
    <ClCompile Include="..\..\src\media\library\history.cpp">
      <Filter>media\library</Filter>
    </ClCompile>
    <ClCompile Include="..\..\src\media\library\list.cpp">
      <Filter>media\library</Filter>
    </ClCompile>
    <ClCompile Include="..\..\src\media\anime_db.cpp">
      <Filter>media\anime</Filter>
    </ClCompile>
    <ClCompile Include="..\..\src\media\anime_filter.cpp">
      <Filter>media\anime</Filter>
    </ClCompile>
    <ClCompile Include="..\..\src\media\anime_item.cpp">
      <Filter>media\anime</Filter>
    </ClCompile>
    <ClCompile Include="..\..\src\media\anime_season.cpp">
      <Filter>media\anime</Filter>
    </ClCompile>
    <ClCompile Include="..\..\src\media\anime_util.cpp">
      <Filter>media\anime</Filter>
    </ClCompile>
    <ClCompile Include="..\..\src\track\recognition.cpp">
      <Filter>track\recognition</Filter>
    </ClCompile>
    <ClCompile Include="..\..\src\track\recognition_normalize.cpp">
      <Filter>track\recognition</Filter>
    </ClCompile>
    <ClCompile Include="..\..\src\track\recognition_relations.cpp">
      <Filter>track\recognition</Filter>
    </ClCompile>
    <ClCompile Include="..\..\src\track\recognition_score.cpp">
      <Filter>track\recognition</Filter>
    </ClCompile>
    <ClCompile Include="..\..\src\track\recognition_validate.cpp">
      <Filter>track\recognition</Filter>
    </ClCompile>
    <ClCompile Include="..\..\src\track\play.cpp">
      <Filter>track\files</Filter>
    </ClCompile>
    <ClCompile Include="..\..\src\track\monitor.cpp">
      <Filter>track\files</Filter>
    </ClCompile>
    <ClCompile Include="..\..\src\track\feed.cpp">
      <Filter>track\torrents</Filter>
    </ClCompile>
    <ClCompile Include="..\..\src\track\feed_aggregator.cpp">
      <Filter>track\torrents</Filter>
    </ClCompile>
    <ClCompile Include="..\..\src\track\feed_filter.cpp">
      <Filter>track\torrents</Filter>
    </ClCompile>
    <ClCompile Include="..\..\src\track\media_stream.cpp">
      <Filter>track\recognition</Filter>
    </ClCompile>
    <ClCompile Include="..\..\src\track\media.cpp">
      <Filter>track\recognition</Filter>
    </ClCompile>
    <ClCompile Include="..\..\src\track\scanner.cpp">
      <Filter>track\files</Filter>
    </ClCompile>
    <ClCompile Include="..\..\src\track\feed_source.cpp">
      <Filter>track\torrents</Filter>
    </ClCompile>
    <ClCompile Include="..\..\src\media\library\queue.cpp">
      <Filter>media\library</Filter>
    </ClCompile>
    <ClCompile Include="..\..\src\track\episode_util.cpp">
      <Filter>track</Filter>
    </ClCompile>
    <ClCompile Include="..\..\src\media\library\list_util.cpp">
      <Filter>media\library</Filter>
    </ClCompile>
    <ClCompile Include="..\..\src\track\feed_filter_manager.cpp">
      <Filter>track\torrents</Filter>
    </ClCompile>
    <ClCompile Include="..\..\src\ui\command.cpp">
      <Filter>ui</Filter>
    </ClCompile>
    <ClCompile Include="..\..\src\ui\dlg\dlg_settings_advanced.cpp">
      <Filter>ui\dlg</Filter>
    </ClCompile>
    <ClCompile Include="..\..\src\taiga\settings_keys.cpp">
      <Filter>taiga</Filter>
    </ClCompile>
    <ClCompile Include="..\..\src\media\anime_season_db.cpp">
      <Filter>media\anime</Filter>
    </ClCompile>
    <ClCompile Include="..\..\src\sync\anilist_ratings.cpp">
      <Filter>sync\anilist</Filter>
    </ClCompile>
    <ClCompile Include="..\..\src\taiga\http.cpp">
      <Filter>taiga</Filter>
    </ClCompile>
    <ClCompile Include="..\..\src\track\feed_filter_util.cpp">
      <Filter>track\torrents</Filter>
    </ClCompile>
    <ClCompile Include="..\..\src\taiga\app.cpp">
      <Filter>taiga</Filter>
    </ClCompile>
  </ItemGroup>
  <ItemGroup>
    <ClInclude Include="..\..\src\base\base64.h">
      <Filter>base</Filter>
    </ClInclude>
    <ClInclude Include="..\..\src\base\crypto.h">
      <Filter>base</Filter>
    </ClInclude>
    <ClInclude Include="..\..\src\base\file.h">
      <Filter>base</Filter>
    </ClInclude>
    <ClInclude Include="..\..\src\base\file_monitor.h">
      <Filter>base</Filter>
    </ClInclude>
    <ClInclude Include="..\..\src\base\format.h">
      <Filter>base</Filter>
    </ClInclude>
    <ClInclude Include="..\..\src\base\gfx.h">
      <Filter>base</Filter>
    </ClInclude>
    <ClInclude Include="..\..\src\base\gzip.h">
      <Filter>base</Filter>
    </ClInclude>
    <ClInclude Include="..\..\src\base\html.h">
      <Filter>base</Filter>
    </ClInclude>
    <ClInclude Include="..\..\src\base\json.h">
      <Filter>base</Filter>
    </ClInclude>
    <ClInclude Include="..\..\src\base\log.h">
      <Filter>base</Filter>
    </ClInclude>
    <ClInclude Include="..\..\src\base\oauth.h">
      <Filter>base</Filter>
    </ClInclude>
    <ClInclude Include="..\..\src\base\process.h">
      <Filter>base</Filter>
    </ClInclude>
    <ClInclude Include="..\..\src\base\settings.h">
      <Filter>base</Filter>
    </ClInclude>
    <ClInclude Include="..\..\src\base\string.h">
      <Filter>base</Filter>
    </ClInclude>
    <ClInclude Include="..\..\src\base\time.h">
      <Filter>base</Filter>
    </ClInclude>
    <ClInclude Include="..\..\src\base\timer.h">
      <Filter>base</Filter>
    </ClInclude>
    <ClInclude Include="..\..\src\base\url.h">
      <Filter>base</Filter>
    </ClInclude>
    <ClInclude Include="..\..\src\base\xml.h">
      <Filter>base</Filter>
    </ClInclude>
    <ClInclude Include="..\..\deps\src\anisthesia\include\media.hpp">
      <Filter>deps\anisthesia</Filter>
    </ClInclude>
    <ClInclude Include="..\..\deps\src\anisthesia\include\player.hpp">
      <Filter>deps\anisthesia</Filter>
    </ClInclude>
    <ClInclude Include="..\..\deps\src\anisthesia\include\util.hpp">
      <Filter>deps\anisthesia</Filter>
    </ClInclude>
    <ClInclude Include="..\..\deps\src\anisthesia\include\win_open_files.hpp">
      <Filter>deps\anisthesia</Filter>
    </ClInclude>
    <ClInclude Include="..\..\deps\src\anisthesia\include\win_platform.hpp">
      <Filter>deps\anisthesia</Filter>
    </ClInclude>
    <ClInclude Include="..\..\deps\src\anisthesia\include\win_ui_automation.hpp">
      <Filter>deps\anisthesia</Filter>
    </ClInclude>
    <ClInclude Include="..\..\deps\src\anisthesia\include\win_util.hpp">
      <Filter>deps\anisthesia</Filter>
    </ClInclude>
    <ClInclude Include="..\..\deps\src\anisthesia\include\win_windows.hpp">
      <Filter>deps\anisthesia</Filter>
    </ClInclude>
    <ClInclude Include="..\..\deps\src\anitomy\anitomy\anitomy.h">
      <Filter>deps\anitomy</Filter>
    </ClInclude>
    <ClInclude Include="..\..\deps\src\anitomy\anitomy\element.h">
      <Filter>deps\anitomy</Filter>
    </ClInclude>
    <ClInclude Include="..\..\deps\src\anitomy\anitomy\keyword.h">
      <Filter>deps\anitomy</Filter>
    </ClInclude>
    <ClInclude Include="..\..\deps\src\anitomy\anitomy\parser.h">
      <Filter>deps\anitomy</Filter>
    </ClInclude>
    <ClInclude Include="..\..\deps\src\anitomy\anitomy\string.h">
      <Filter>deps\anitomy</Filter>
    </ClInclude>
    <ClInclude Include="..\..\deps\src\anitomy\anitomy\token.h">
      <Filter>deps\anitomy</Filter>
    </ClInclude>
    <ClInclude Include="..\..\deps\src\anitomy\anitomy\tokenizer.h">
      <Filter>deps\anitomy</Filter>
    </ClInclude>
    <ClInclude Include="..\..\deps\src\base64\base64.h">
      <Filter>deps\base64</Filter>
    </ClInclude>
    <ClInclude Include="..\..\deps\src\curl\include\curl\curl.h">
      <Filter>deps\curl</Filter>
    </ClInclude>
    <ClInclude Include="..\..\deps\src\curl\include\curl\curlbuild.h">
      <Filter>deps\curl</Filter>
    </ClInclude>
    <ClInclude Include="..\..\deps\src\curl\include\curl\curlrules.h">
      <Filter>deps\curl</Filter>
    </ClInclude>
    <ClInclude Include="..\..\deps\src\curl\include\curl\curlver.h">
      <Filter>deps\curl</Filter>
    </ClInclude>
    <ClInclude Include="..\..\deps\src\curl\include\curl\easy.h">
      <Filter>deps\curl</Filter>
    </ClInclude>
    <ClInclude Include="..\..\deps\src\curl\include\curl\mprintf.h">
      <Filter>deps\curl</Filter>
    </ClInclude>
    <ClInclude Include="..\..\deps\src\curl\include\curl\multi.h">
      <Filter>deps\curl</Filter>
    </ClInclude>
    <ClInclude Include="..\..\deps\src\curl\include\curl\stdcheaders.h">
      <Filter>deps\curl</Filter>
    </ClInclude>
    <ClInclude Include="..\..\deps\src\curl\include\curl\typecheck-gcc.h">
      <Filter>deps\curl</Filter>
    </ClInclude>
    <ClInclude Include="..\..\deps\src\date\date.h">
      <Filter>deps\date</Filter>
    </ClInclude>
    <ClInclude Include="..\..\deps\src\discord-rpc\include\discord_register.h">
      <Filter>deps\discord-rpc</Filter>
    </ClInclude>
    <ClInclude Include="..\..\deps\src\discord-rpc\include\discord_rpc.h">
      <Filter>deps\discord-rpc</Filter>
    </ClInclude>
    <ClInclude Include="..\..\deps\src\discord-rpc\src\backoff.h">
      <Filter>deps\discord-rpc</Filter>
    </ClInclude>
    <ClInclude Include="..\..\deps\src\discord-rpc\src\connection.h">
      <Filter>deps\discord-rpc</Filter>
    </ClInclude>
    <ClInclude Include="..\..\deps\src\discord-rpc\src\msg_queue.h">
      <Filter>deps\discord-rpc</Filter>
    </ClInclude>
    <ClInclude Include="..\..\deps\src\discord-rpc\src\rpc_connection.h">
      <Filter>deps\discord-rpc</Filter>
    </ClInclude>
    <ClInclude Include="..\..\deps\src\discord-rpc\src\serialization.h">
      <Filter>deps\discord-rpc</Filter>
    </ClInclude>
    <ClInclude Include="..\..\deps\src\monolog\include\monolog.hpp">
      <Filter>deps\monolog</Filter>
    </ClInclude>
    <ClInclude Include="..\..\deps\src\pugixml\src\pugiconfig.hpp">
      <Filter>deps\pugixml</Filter>
    </ClInclude>
    <ClInclude Include="..\..\deps\src\pugixml\src\pugixml.hpp">
      <Filter>deps\pugixml</Filter>
    </ClInclude>
    <ClInclude Include="..\..\deps\src\utf8proc\utf8proc.h">
      <Filter>deps\utf8proc</Filter>
    </ClInclude>
    <ClInclude Include="..\..\deps\src\utf8proc\utf8proc_data.c">
      <Filter>deps\utf8proc</Filter>
    </ClInclude>
    <ClInclude Include="..\..\deps\src\windows\win\application.h">
      <Filter>deps\windows</Filter>
    </ClInclude>
    <ClInclude Include="..\..\deps\src\windows\win\common_controls.h">
      <Filter>deps\windows</Filter>
    </ClInclude>
    <ClInclude Include="..\..\deps\src\windows\win\common_dialogs.h">
      <Filter>deps\windows</Filter>
    </ClInclude>
    <ClInclude Include="..\..\deps\src\windows\win\dde.h">
      <Filter>deps\windows</Filter>
    </ClInclude>
    <ClInclude Include="..\..\deps\src\windows\win\dialog.h">
      <Filter>deps\windows</Filter>
    </ClInclude>
    <ClInclude Include="..\..\deps\src\windows\win\error.h">
      <Filter>deps\windows</Filter>
    </ClInclude>
    <ClInclude Include="..\..\deps\src\windows\win\gdi.h">
      <Filter>deps\windows</Filter>
    </ClInclude>
    <ClInclude Include="..\..\deps\src\windows\win\gdi_plus.h">
      <Filter>deps\windows</Filter>
    </ClInclude>
    <ClInclude Include="..\..\deps\src\windows\win\handle.h">
      <Filter>deps\windows</Filter>
    </ClInclude>
    <ClInclude Include="..\..\deps\src\windows\win\menu.h">
      <Filter>deps\windows</Filter>
    </ClInclude>
    <ClInclude Include="..\..\deps\src\windows\win\registry.h">
      <Filter>deps\windows</Filter>
    </ClInclude>
    <ClInclude Include="..\..\deps\src\windows\win\resizable.h">
      <Filter>deps\windows</Filter>
    </ClInclude>
    <ClInclude Include="..\..\deps\src\windows\win\snappable.h">
      <Filter>deps\windows</Filter>
    </ClInclude>
    <ClInclude Include="..\..\deps\src\windows\win\string.h">
      <Filter>deps\windows</Filter>
    </ClInclude>
    <ClInclude Include="..\..\deps\src\windows\win\task_dialog.h">
      <Filter>deps\windows</Filter>
    </ClInclude>
    <ClInclude Include="..\..\deps\src\windows\win\taskbar.h">
      <Filter>deps\windows</Filter>
    </ClInclude>
    <ClInclude Include="..\..\deps\src\windows\win\thread.h">
      <Filter>deps\windows</Filter>
    </ClInclude>
    <ClInclude Include="..\..\deps\src\windows\win\version.h">
      <Filter>deps\windows</Filter>
    </ClInclude>
    <ClInclude Include="..\..\deps\src\windows\win\window.h">
      <Filter>deps\windows</Filter>
    </ClInclude>
    <ClInclude Include="..\..\deps\src\windows\win\window_map.h">
      <Filter>deps\windows</Filter>
    </ClInclude>
    <ClInclude Include="..\..\deps\src\zlib\crc32.h">
      <Filter>deps\zlib</Filter>
    </ClInclude>
    <ClInclude Include="..\..\deps\src\zlib\deflate.h">
      <Filter>deps\zlib</Filter>
    </ClInclude>
    <ClInclude Include="..\..\deps\src\zlib\gzguts.h">
      <Filter>deps\zlib</Filter>
    </ClInclude>
    <ClInclude Include="..\..\deps\src\zlib\inffast.h">
      <Filter>deps\zlib</Filter>
    </ClInclude>
    <ClInclude Include="..\..\deps\src\zlib\inffixed.h">
      <Filter>deps\zlib</Filter>
    </ClInclude>
    <ClInclude Include="..\..\deps\src\zlib\inflate.h">
      <Filter>deps\zlib</Filter>
    </ClInclude>
    <ClInclude Include="..\..\deps\src\zlib\inftrees.h">
      <Filter>deps\zlib</Filter>
    </ClInclude>
    <ClInclude Include="..\..\deps\src\zlib\trees.h">
      <Filter>deps\zlib</Filter>
    </ClInclude>
    <ClInclude Include="..\..\deps\src\zlib\zconf.h">
      <Filter>deps\zlib</Filter>
    </ClInclude>
    <ClInclude Include="..\..\deps\src\zlib\zlib.h">
      <Filter>deps\zlib</Filter>
    </ClInclude>
    <ClInclude Include="..\..\deps\src\zlib\zutil.h">
      <Filter>deps\zlib</Filter>
    </ClInclude>
    <ClInclude Include="..\..\src\sync\service.h">
      <Filter>sync</Filter>
    </ClInclude>
    <ClInclude Include="..\..\src\sync\sync.h">
      <Filter>sync</Filter>
    </ClInclude>
    <ClInclude Include="..\..\src\sync\anilist.h">
      <Filter>sync\anilist</Filter>
    </ClInclude>
    <ClInclude Include="..\..\src\sync\anilist_util.h">
      <Filter>sync\anilist</Filter>
    </ClInclude>
    <ClInclude Include="..\..\src\sync\kitsu.h">
      <Filter>sync\kitsu</Filter>
    </ClInclude>
    <ClInclude Include="..\..\src\sync\kitsu_types.h">
      <Filter>sync\kitsu</Filter>
    </ClInclude>
    <ClInclude Include="..\..\src\sync\kitsu_util.h">
      <Filter>sync\kitsu</Filter>
    </ClInclude>
    <ClInclude Include="..\..\src\sync\myanimelist_util.h">
      <Filter>sync\myanimelist</Filter>
    </ClInclude>
    <ClInclude Include="..\..\src\sync\myanimelist.h">
      <Filter>sync\myanimelist</Filter>
    </ClInclude>
    <ClInclude Include="..\..\src\taiga\announce.h">
      <Filter>taiga</Filter>
    </ClInclude>
    <ClInclude Include="..\..\src\taiga\debug.h">
      <Filter>taiga</Filter>
    </ClInclude>
    <ClInclude Include="..\..\src\taiga\dummy.h">
      <Filter>taiga</Filter>
    </ClInclude>
    <ClInclude Include="..\..\src\taiga\orange.h">
      <Filter>taiga</Filter>
    </ClInclude>
    <ClInclude Include="..\..\src\taiga\path.h">
      <Filter>taiga</Filter>
    </ClInclude>
    <ClInclude Include="..\..\src\taiga\resource.h">
      <Filter>taiga</Filter>
    </ClInclude>
    <ClInclude Include="..\..\src\taiga\script.h">
      <Filter>taiga</Filter>
    </ClInclude>
    <ClInclude Include="..\..\src\taiga\settings.h">
      <Filter>taiga</Filter>
    </ClInclude>
    <ClInclude Include="..\..\src\taiga\stats.h">
      <Filter>taiga</Filter>
    </ClInclude>
    <ClInclude Include="..\..\src\taiga\timer.h">
      <Filter>taiga</Filter>
    </ClInclude>
    <ClInclude Include="..\..\src\taiga\update.h">
      <Filter>taiga</Filter>
    </ClInclude>
    <ClInclude Include="..\..\src\taiga\version.h">
      <Filter>taiga</Filter>
    </ClInclude>
    <ClInclude Include="..\..\src\ui\dialog.h">
      <Filter>ui</Filter>
    </ClInclude>
    <ClInclude Include="..\..\src\ui\list.h">
      <Filter>ui</Filter>
    </ClInclude>
    <ClInclude Include="..\..\src\ui\menu.h">
      <Filter>ui</Filter>
    </ClInclude>
    <ClInclude Include="..\..\src\ui\theme.h">
      <Filter>ui</Filter>
    </ClInclude>
    <ClInclude Include="..\..\src\ui\ui.h">
      <Filter>ui</Filter>
    </ClInclude>
    <ClInclude Include="..\..\src\ui\dlg\dlg_about.h">
      <Filter>ui\dlg</Filter>
    </ClInclude>
    <ClInclude Include="..\..\src\ui\dlg\dlg_anime_info.h">
      <Filter>ui\dlg</Filter>
    </ClInclude>
    <ClInclude Include="..\..\src\ui\dlg\dlg_anime_info_page.h">
      <Filter>ui\dlg</Filter>
    </ClInclude>
    <ClInclude Include="..\..\src\ui\dlg\dlg_anime_list.h">
      <Filter>ui\dlg</Filter>
    </ClInclude>
    <ClInclude Include="..\..\src\ui\dlg\dlg_feed_condition.h">
      <Filter>ui\dlg</Filter>
    </ClInclude>
    <ClInclude Include="..\..\src\ui\dlg\dlg_feed_filter.h">
      <Filter>ui\dlg</Filter>
    </ClInclude>
    <ClInclude Include="..\..\src\ui\dlg\dlg_format.h">
      <Filter>ui\dlg</Filter>
    </ClInclude>
    <ClInclude Include="..\..\src\ui\dlg\dlg_history.h">
      <Filter>ui\dlg</Filter>
    </ClInclude>
    <ClInclude Include="..\..\src\ui\dlg\dlg_input.h">
      <Filter>ui\dlg</Filter>
    </ClInclude>
    <ClInclude Include="..\..\src\ui\dlg\dlg_main.h">
      <Filter>ui\dlg</Filter>
    </ClInclude>
    <ClInclude Include="..\..\src\ui\dlg\dlg_search.h">
      <Filter>ui\dlg</Filter>
    </ClInclude>
    <ClInclude Include="..\..\src\ui\dlg\dlg_season.h">
      <Filter>ui\dlg</Filter>
    </ClInclude>
    <ClInclude Include="..\..\src\ui\dlg\dlg_settings.h">
      <Filter>ui\dlg</Filter>
    </ClInclude>
    <ClInclude Include="..\..\src\ui\dlg\dlg_settings_page.h">
      <Filter>ui\dlg</Filter>
    </ClInclude>
    <ClInclude Include="..\..\src\ui\dlg\dlg_stats.h">
      <Filter>ui\dlg</Filter>
    </ClInclude>
    <ClInclude Include="..\..\src\ui\dlg\dlg_torrent.h">
      <Filter>ui\dlg</Filter>
    </ClInclude>
    <ClInclude Include="..\..\src\ui\dlg\dlg_update.h">
      <Filter>ui\dlg</Filter>
    </ClInclude>
    <ClInclude Include="..\..\src\ui\dlg\dlg_update_new.h">
      <Filter>ui\dlg</Filter>
    </ClInclude>
    <ClInclude Include="..\..\src\base\preprocessor.h">
      <Filter>base</Filter>
    </ClInclude>
    <ClInclude Include="..\..\src\taiga\config.h">
      <Filter>taiga</Filter>
    </ClInclude>
    <ClInclude Include="..\..\deps\src\json\single_include\nlohmann\json.hpp">
      <Filter>deps\json</Filter>
    </ClInclude>
    <ClInclude Include="..\..\src\base\file_search.h">
      <Filter>base</Filter>
    </ClInclude>
    <ClInclude Include="..\..\src\ui\translate.h">
      <Filter>ui</Filter>
    </ClInclude>
    <ClInclude Include="..\..\deps\src\fmt\include\fmt\format.h">
      <Filter>deps\fmt</Filter>
    </ClInclude>
    <ClInclude Include="..\..\deps\src\fmt\include\fmt\chrono.h">
      <Filter>deps\fmt</Filter>
    </ClInclude>
    <ClInclude Include="..\..\src\base\command_line.h">
      <Filter>base</Filter>
    </ClInclude>
    <ClInclude Include="..\..\src\link\discord.h">
      <Filter>link</Filter>
    </ClInclude>
    <ClInclude Include="..\..\src\link\mirc.h">
      <Filter>link</Filter>
    </ClInclude>
    <ClInclude Include="..\..\src\link\http.h">
      <Filter>link</Filter>
    </ClInclude>
    <ClInclude Include="..\..\src\base\rss.h">
      <Filter>base</Filter>
    </ClInclude>
    <ClInclude Include="..\..\src\base\atf.h">
      <Filter>base</Filter>
    </ClInclude>
    <ClInclude Include="..\..\deps\src\semaver\include\semaver.hpp">
      <Filter>deps\semaver</Filter>
    </ClInclude>
    <ClInclude Include="..\..\src\ui\resource.h">
      <Filter>ui</Filter>
    </ClInclude>
    <ClInclude Include="..\..\src\track\episode.h">
      <Filter>track</Filter>
    </ClInclude>
    <ClInclude Include="..\..\src\media\library\export.h">
      <Filter>media\library</Filter>
    </ClInclude>
    <ClInclude Include="..\..\src\media\library\history.h">
      <Filter>media\library</Filter>
    </ClInclude>
    <ClInclude Include="..\..\src\media\anime.h">
      <Filter>media\anime</Filter>
    </ClInclude>
    <ClInclude Include="..\..\src\media\anime_db.h">
      <Filter>media\anime</Filter>
    </ClInclude>
    <ClInclude Include="..\..\src\media\anime_filter.h">
      <Filter>media\anime</Filter>
    </ClInclude>
    <ClInclude Include="..\..\src\media\anime_item.h">
      <Filter>media\anime</Filter>
    </ClInclude>
    <ClInclude Include="..\..\src\media\anime_season.h">
      <Filter>media\anime</Filter>
    </ClInclude>
    <ClInclude Include="..\..\src\media\anime_util.h">
      <Filter>media\anime</Filter>
    </ClInclude>
    <ClInclude Include="..\..\src\track\recognition.h">
      <Filter>track\recognition</Filter>
    </ClInclude>
    <ClInclude Include="..\..\src\track\play.h">
      <Filter>track\files</Filter>
    </ClInclude>
    <ClInclude Include="..\..\src\track\monitor.h">
      <Filter>track\files</Filter>
    </ClInclude>
    <ClInclude Include="..\..\src\track\feed.h">
      <Filter>track\torrents</Filter>
    </ClInclude>
    <ClInclude Include="..\..\src\track\feed_filter.h">
      <Filter>track\torrents</Filter>
    </ClInclude>
    <ClInclude Include="..\..\src\track\media.h">
      <Filter>track\recognition</Filter>
    </ClInclude>
    <ClInclude Include="..\..\deps\src\random\include\effolkronium\random.hpp">
      <Filter>deps\random</Filter>
    </ClInclude>
    <ClInclude Include="..\..\src\base\random.h">
      <Filter>base</Filter>
    </ClInclude>
    <ClInclude Include="..\..\src\track\scanner.h">
      <Filter>track\files</Filter>
    </ClInclude>
    <ClInclude Include="..\..\src\track\feed_aggregator.h">
      <Filter>track\torrents</Filter>
    </ClInclude>
    <ClInclude Include="..\..\src\track\feed_source.h">
      <Filter>track\torrents</Filter>
    </ClInclude>
    <ClInclude Include="..\..\src\media\library\queue.h">
      <Filter>media\library</Filter>
    </ClInclude>
    <ClInclude Include="..\..\src\track\episode_util.h">
      <Filter>track</Filter>
    </ClInclude>
    <ClInclude Include="..\..\src\media\library\list_util.h">
      <Filter>media\library</Filter>
    </ClInclude>
    <ClInclude Include="..\..\src\track\feed_filter_manager.h">
      <Filter>track\torrents</Filter>
    </ClInclude>
    <ClInclude Include="..\..\src\ui\command.h">
      <Filter>ui</Filter>
    </ClInclude>
    <ClInclude Include="..\..\src\track\media_stream.h">
      <Filter>track\recognition</Filter>
    </ClInclude>
    <ClInclude Include="..\..\src\ui\dlg\dlg_settings_advanced.h">
      <Filter>ui\dlg</Filter>
    </ClInclude>
    <ClInclude Include="..\..\src\taiga\settings_keys.h">
      <Filter>taiga</Filter>
    </ClInclude>
    <ClInclude Include="..\..\src\media\anime_season_db.h">
      <Filter>media\anime</Filter>
    </ClInclude>
    <ClInclude Include="..\..\src\sync\anilist_ratings.h">
      <Filter>sync\anilist</Filter>
    </ClInclude>
    <ClInclude Include="..\..\src\taiga\http.h">
      <Filter>taiga</Filter>
    </ClInclude>
    <ClInclude Include="..\..\src\track\feed_filter_util.h">
      <Filter>track\torrents</Filter>
    </ClInclude>
    <ClInclude Include="..\..\src\taiga\app.h">
      <Filter>taiga</Filter>
    </ClInclude>
  </ItemGroup>
  <ItemGroup>
    <ResourceCompile Include="..\..\src\taiga\resource.rc">
      <Filter>taiga</Filter>
    </ResourceCompile>
    <ResourceCompile Include="..\..\src\taiga\version.rc">
      <Filter>taiga</Filter>
    </ResourceCompile>
  </ItemGroup>
</Project>