
Microsoft Visual Studio Solution File, Format Version 12.00
# Visual Studio Version 16
VisualStudioVersion = 16.0.30907.101
MinimumVisualStudioVersion = 10.0.40219.1
Project("{8BC9CEB8-8B4A-11D0-8D11-00A0C91BC942}") = "Taiga", "Taiga.vcxproj", "{50BAD968-CEBF-46CA-A18A-FE3E8D625F94}"
EndProject
Global
	GlobalSection(SolutionConfigurationPlatforms) = preSolution
		Debug|ARM64 = Debug|ARM64
		Debug|x64 = Debug|x64
		Debug|x86 = Debug|x86
		Release|ARM64 = Release|ARM64
		Release|x64 = Release|x64
		Release|x86 = Release|x86
	EndGlobalSection
	GlobalSection(ProjectConfigurationPlatforms) = postSolution
		{50BAD968-CEBF-46CA-A18A-FE3E8D625F94}.Debug|ARM64.ActiveCfg = Debug|ARM64
		{50BAD968-CEBF-46CA-A18A-FE3E8D625F94}.Debug|ARM64.Build.0 = Debug|ARM64
		{50BAD968-CEBF-46CA-A18A-FE3E8D625F94}.Debug|x64.ActiveCfg = Debug|x64
		{50BAD968-CEBF-46CA-A18A-FE3E8D625F94}.Debug|x64.Build.0 = Debug|x64
		{50BAD968-CEBF-46CA-A18A-FE3E8D625F94}.Debug|x86.ActiveCfg = Debug|Win32
		{50BAD968-CEBF-46CA-A18A-FE3E8D625F94}.Debug|x86.Build.0 = Debug|Win32
		{50BAD968-CEBF-46CA-A18A-FE3E8D625F94}.Release|ARM64.ActiveCfg = Release|ARM64
		{50BAD968-CEBF-46CA-A18A-FE3E8D625F94}.Release|ARM64.Build.0 = Release|ARM64
		{50BAD968-CEBF-46CA-A18A-FE3E8D625F94}.Release|x64.ActiveCfg = Release|x64
		{50BAD968-CEBF-46CA-A18A-FE3E8D625F94}.Release|x64.Build.0 = Release|x64
		{50BAD968-CEBF-46CA-A18A-FE3E8D625F94}.Release|x86.ActiveCfg = Release|Win32
		{50BAD968-CEBF-46CA-A18A-FE3E8D625F94}.Release|x86.Build.0 = Release|Win32
	EndGlobalSection
	GlobalSection(SolutionProperties) = preSolution
		HideSolutionNode = FALSE
	EndGlobalSection
	GlobalSection(ExtensibilityGlobals) = postSolution
		SolutionGuid = {B023FA47-BE00-41C3-821F-BDA31B337CCC}
	EndGlobalSection
EndGlobal
