<?xml version="1.0" encoding="utf-8"?>
<Project ToolsVersion="4.0" xmlns="http://schemas.microsoft.com/developer/msbuild/2003">
  <ItemGroup>
    <Filter Include="base">
      <UniqueIdentifier>{7445b39f-ce54-4d5d-8b95-9a45f6138c5f}</UniqueIdentifier>
    </Filter>
    <Filter Include="deps">
      <UniqueIdentifier>{58598ee5-0814-4581-87d0-a28008a25893}</UniqueIdentifier>
    </Filter>
    <Filter Include="library">
      <UniqueIdentifier>{9fac04ef-29f0-4083-a1a7-f20d503a40df}</UniqueIdentifier>
    </Filter>
    <Filter Include="sync">
      <UniqueIdentifier>{ff7ccb38-f620-487f-b0de-e4d23f544d34}</UniqueIdentifier>
    </Filter>
    <Filter Include="taiga">
      <UniqueIdentifier>{4ebea91d-8158-4349-80bf-04399e1f6356}</UniqueIdentifier>
    </Filter>
    <Filter Include="track">
      <UniqueIdentifier>{94d61ae9-9528-4633-875c-8a84df33f677}</UniqueIdentifier>
    </Filter>
    <Filter Include="ui">
      <UniqueIdentifier>{aad11cb9-6941-4934-9c9a-6523a6da7d06}</UniqueIdentifier>
    </Filter>
    <Filter Include="win">
      <UniqueIdentifier>{5802bd8b-5cfa-4945-b7eb-c52aa2fbef32}</UniqueIdentifier>
    </Filter>
    <Filter Include="deps\anitomy">
      <UniqueIdentifier>{09fde2fa-d11a-4179-b5ef-8f3924a3ab25}</UniqueIdentifier>
    </Filter>
    <Filter Include="deps\base64">
      <UniqueIdentifier>{e10ab21b-a2bf-4ffc-9e68-a2bfb8ab3ee4}</UniqueIdentifier>
    </Filter>
    <Filter Include="deps\curl">
      <UniqueIdentifier>{73658da5-e312-4fe4-85e6-38a578acf869}</UniqueIdentifier>
    </Filter>
    <Filter Include="deps\jsoncpp">
      <UniqueIdentifier>{dd9648e9-7e26-4239-a931-8fee59d183e7}</UniqueIdentifier>
    </Filter>
    <Filter Include="deps\pugixml">
      <UniqueIdentifier>{0f915cf6-1a44-47c9-8c1f-3a640aa5fb67}</UniqueIdentifier>
    </Filter>
    <Filter Include="deps\utf8proc">
      <UniqueIdentifier>{810fd707-5236-421d-83d6-eb9251e1254d}</UniqueIdentifier>
    </Filter>
    <Filter Include="deps\zlib">
      <UniqueIdentifier>{1dd6ca23-29e1-4a1b-b1fb-a3b4988da7b0}</UniqueIdentifier>
    </Filter>
    <Filter Include="library\anime">
      <UniqueIdentifier>{d6043b6b-33fb-470e-bab4-28380104489e}</UniqueIdentifier>
    </Filter>
    <Filter Include="sync\hummingbird">
      <UniqueIdentifier>{4eb462d7-7759-463c-99cf-e34daf381970}</UniqueIdentifier>
    </Filter>
    <Filter Include="sync\myanimelist">
      <UniqueIdentifier>{bf5a6cc7-a783-4694-9bcf-49c694959131}</UniqueIdentifier>
    </Filter>
    <Filter Include="ui\dlg">
      <UniqueIdentifier>{1fde5dda-2f86-4de5-a8cc-da7664cc759b}</UniqueIdentifier>
    </Filter>
    <Filter Include="win\ctrl">
      <UniqueIdentifier>{cda71bda-a7b7-46d6-9c94-a7fafbabba09}</UniqueIdentifier>
    </Filter>
  </ItemGroup>
  <ItemGroup>
    <ClCompile Include="..\..\src\main.cpp" />
    <ClCompile Include="..\..\src\base\base64.cpp">
      <Filter>base</Filter>
    </ClCompile>
    <ClCompile Include="..\..\src\base\crc.cpp">
      <Filter>base</Filter>
    </ClCompile>
    <ClCompile Include="..\..\src\base\crypto.cpp">
      <Filter>base</Filter>
    </ClCompile>
    <ClCompile Include="..\..\src\base\error.cpp">
      <Filter>base</Filter>
    </ClCompile>
    <ClCompile Include="..\..\src\base\file.cpp">
      <Filter>base</Filter>
    </ClCompile>
    <ClCompile Include="..\..\src\base\file_monitor.cpp">
      <Filter>base</Filter>
    </ClCompile>
    <ClCompile Include="..\..\src\base\file_search.cpp">
      <Filter>base</Filter>
    </ClCompile>
    <ClCompile Include="..\..\src\base\gfx.cpp">
      <Filter>base</Filter>
    </ClCompile>
    <ClCompile Include="..\..\src\base\gzip.cpp">
      <Filter>base</Filter>
    </ClCompile>
    <ClCompile Include="..\..\src\base\html.cpp">
      <Filter>base</Filter>
    </ClCompile>
    <ClCompile Include="..\..\src\base\http.cpp">
      <Filter>base</Filter>
    </ClCompile>
    <ClCompile Include="..\..\src\base\http_callback.cpp">
      <Filter>base</Filter>
    </ClCompile>
    <ClCompile Include="..\..\src\base\http_request.cpp">
      <Filter>base</Filter>
    </ClCompile>
    <ClCompile Include="..\..\src\base\http_response.cpp">
      <Filter>base</Filter>
    </ClCompile>
    <ClCompile Include="..\..\src\base\json.cpp">
      <Filter>base</Filter>
    </ClCompile>
    <ClCompile Include="..\..\src\base\log.cpp">
      <Filter>base</Filter>
    </ClCompile>
    <ClCompile Include="..\..\src\base\oauth.cpp">
      <Filter>base</Filter>
    </ClCompile>
    <ClCompile Include="..\..\src\base\process.cpp">
      <Filter>base</Filter>
    </ClCompile>
    <ClCompile Include="..\..\src\base\settings.cpp">
      <Filter>base</Filter>
    </ClCompile>
    <ClCompile Include="..\..\src\base\string.cpp">
      <Filter>base</Filter>
    </ClCompile>
    <ClCompile Include="..\..\src\base\time.cpp">
      <Filter>base</Filter>
    </ClCompile>
    <ClCompile Include="..\..\src\base\timer.cpp">
      <Filter>base</Filter>
    </ClCompile>
    <ClCompile Include="..\..\src\base\url.cpp">
      <Filter>base</Filter>
    </ClCompile>
    <ClCompile Include="..\..\src\base\version.cpp">
      <Filter>base</Filter>
    </ClCompile>
    <ClCompile Include="..\..\src\base\xml.cpp">
      <Filter>base</Filter>
    </ClCompile>
    <ClCompile Include="..\..\deps\src\anitomy\anitomy\anitomy.cpp">
      <Filter>deps\anitomy</Filter>
    </ClCompile>
    <ClCompile Include="..\..\deps\src\anitomy\anitomy\element.cpp">
      <Filter>deps\anitomy</Filter>
    </ClCompile>
    <ClCompile Include="..\..\deps\src\anitomy\anitomy\keyword.cpp">
      <Filter>deps\anitomy</Filter>
    </ClCompile>
    <ClCompile Include="..\..\deps\src\anitomy\anitomy\parser.cpp">
      <Filter>deps\anitomy</Filter>
    </ClCompile>
    <ClCompile Include="..\..\deps\src\anitomy\anitomy\parser_helper.cpp">
      <Filter>deps\anitomy</Filter>
    </ClCompile>
    <ClCompile Include="..\..\deps\src\anitomy\anitomy\parser_number.cpp">
      <Filter>deps\anitomy</Filter>
    </ClCompile>
    <ClCompile Include="..\..\deps\src\anitomy\anitomy\string.cpp">
      <Filter>deps\anitomy</Filter>
    </ClCompile>
    <ClCompile Include="..\..\deps\src\anitomy\anitomy\token.cpp">
      <Filter>deps\anitomy</Filter>
    </ClCompile>
    <ClCompile Include="..\..\deps\src\anitomy\anitomy\tokenizer.cpp">
      <Filter>deps\anitomy</Filter>
    </ClCompile>
    <ClCompile Include="..\..\deps\src\base64\base64.cpp">
      <Filter>deps\base64</Filter>
    </ClCompile>
    <ClCompile Include="..\..\deps\src\jsoncpp\jsoncpp.cpp">
      <Filter>deps\jsoncpp</Filter>
    </ClCompile>
    <ClCompile Include="..\..\deps\src\pugixml\pugixml.cpp">
      <Filter>deps\pugixml</Filter>
    </ClCompile>
    <ClCompile Include="..\..\deps\src\utf8proc\utf8proc.c">
      <Filter>deps\utf8proc</Filter>
    </ClCompile>
    <ClCompile Include="..\..\deps\src\zlib\adler32.c">
      <Filter>deps\zlib</Filter>
    </ClCompile>
    <ClCompile Include="..\..\deps\src\zlib\compress.c">
      <Filter>deps\zlib</Filter>
    </ClCompile>
    <ClCompile Include="..\..\deps\src\zlib\crc32.c">
      <Filter>deps\zlib</Filter>
    </ClCompile>
    <ClCompile Include="..\..\deps\src\zlib\deflate.c">
      <Filter>deps\zlib</Filter>
    </ClCompile>
    <ClCompile Include="..\..\deps\src\zlib\gzclose.c">
      <Filter>deps\zlib</Filter>
    </ClCompile>
    <ClCompile Include="..\..\deps\src\zlib\gzlib.c">
      <Filter>deps\zlib</Filter>
    </ClCompile>
    <ClCompile Include="..\..\deps\src\zlib\gzread.c">
      <Filter>deps\zlib</Filter>
    </ClCompile>
    <ClCompile Include="..\..\deps\src\zlib\gzwrite.c">
      <Filter>deps\zlib</Filter>
    </ClCompile>
    <ClCompile Include="..\..\deps\src\zlib\infback.c">
      <Filter>deps\zlib</Filter>
    </ClCompile>
    <ClCompile Include="..\..\deps\src\zlib\inffast.c">
      <Filter>deps\zlib</Filter>
    </ClCompile>
    <ClCompile Include="..\..\deps\src\zlib\inflate.c">
      <Filter>deps\zlib</Filter>
    </ClCompile>
    <ClCompile Include="..\..\deps\src\zlib\inftrees.c">
      <Filter>deps\zlib</Filter>
    </ClCompile>
    <ClCompile Include="..\..\deps\src\zlib\trees.c">
      <Filter>deps\zlib</Filter>
    </ClCompile>
    <ClCompile Include="..\..\deps\src\zlib\uncompr.c">
      <Filter>deps\zlib</Filter>
    </ClCompile>
    <ClCompile Include="..\..\deps\src\zlib\zutil.c">
      <Filter>deps\zlib</Filter>
    </ClCompile>
    <ClCompile Include="..\..\src\library\discover.cpp">
      <Filter>library</Filter>
    </ClCompile>
    <ClCompile Include="..\..\src\library\history.cpp">
      <Filter>library</Filter>
    </ClCompile>
    <ClCompile Include="..\..\src\library\metadata.cpp">
      <Filter>library</Filter>
    </ClCompile>
    <ClCompile Include="..\..\src\library\resource.cpp">
      <Filter>library</Filter>
    </ClCompile>
    <ClCompile Include="..\..\src\library\anime.cpp">
      <Filter>library\anime</Filter>
    </ClCompile>
    <ClCompile Include="..\..\src\library\anime_util_time.cpp">
      <Filter>library\anime</Filter>
    </ClCompile>
    <ClCompile Include="..\..\src\library\anime_db.cpp">
      <Filter>library\anime</Filter>
    </ClCompile>
    <ClCompile Include="..\..\src\library\anime_episode.cpp">
      <Filter>library\anime</Filter>
    </ClCompile>
    <ClCompile Include="..\..\src\library\anime_filter.cpp">
      <Filter>library\anime</Filter>
    </ClCompile>
    <ClCompile Include="..\..\src\library\anime_item.cpp">
      <Filter>library\anime</Filter>
    </ClCompile>
    <ClCompile Include="..\..\src\library\anime_season.cpp">
      <Filter>library\anime</Filter>
    </ClCompile>
    <ClCompile Include="..\..\src\library\anime_util.cpp">
      <Filter>library\anime</Filter>
    </ClCompile>
    <ClCompile Include="..\..\src\sync\manager.cpp">
      <Filter>sync</Filter>
    </ClCompile>
    <ClCompile Include="..\..\src\sync\service.cpp">
      <Filter>sync</Filter>
    </ClCompile>
    <ClCompile Include="..\..\src\sync\sync.cpp">
      <Filter>sync</Filter>
    </ClCompile>
    <ClCompile Include="..\..\src\sync\hummingbird.cpp">
      <Filter>sync\hummingbird</Filter>
    </ClCompile>
    <ClCompile Include="..\..\src\sync\hummingbird_util.cpp">
      <Filter>sync\hummingbird</Filter>
    </ClCompile>
    <ClCompile Include="..\..\src\sync\myanimelist.cpp">
      <Filter>sync\myanimelist</Filter>
    </ClCompile>
    <ClCompile Include="..\..\src\sync\myanimelist_util.cpp">
      <Filter>sync\myanimelist</Filter>
    </ClCompile>
    <ClCompile Include="..\..\src\taiga\action.cpp">
      <Filter>taiga</Filter>
    </ClCompile>
    <ClCompile Include="..\..\src\taiga\announce.cpp">
      <Filter>taiga</Filter>
    </ClCompile>
    <ClCompile Include="..\..\src\taiga\api.cpp">
      <Filter>taiga</Filter>
    </ClCompile>
    <ClCompile Include="..\..\src\taiga\debug.cpp">
      <Filter>taiga</Filter>
    </ClCompile>
    <ClCompile Include="..\..\src\taiga\dummy.cpp">
      <Filter>taiga</Filter>
    </ClCompile>
    <ClCompile Include="..\..\src\taiga\http.cpp">
      <Filter>taiga</Filter>
    </ClCompile>
    <ClCompile Include="..\..\src\taiga\orange.cpp">
      <Filter>taiga</Filter>
    </ClCompile>
    <ClCompile Include="..\..\src\taiga\path.cpp">
      <Filter>taiga</Filter>
    </ClCompile>
    <ClCompile Include="..\..\src\taiga\script.cpp">
      <Filter>taiga</Filter>
    </ClCompile>
    <ClCompile Include="..\..\src\taiga\settings.cpp">
      <Filter>taiga</Filter>
    </ClCompile>
    <ClCompile Include="..\..\src\taiga\stats.cpp">
      <Filter>taiga</Filter>
    </ClCompile>
    <ClCompile Include="..\..\src\taiga\taiga.cpp">
      <Filter>taiga</Filter>
    </ClCompile>
    <ClCompile Include="..\..\src\taiga\timer.cpp">
      <Filter>taiga</Filter>
    </ClCompile>
    <ClCompile Include="..\..\src\taiga\update.cpp">
      <Filter>taiga</Filter>
    </ClCompile>
    <ClCompile Include="..\..\src\track\feed.cpp">
      <Filter>track</Filter>
    </ClCompile>
    <ClCompile Include="..\..\src\track\feed_aggregator.cpp">
      <Filter>track</Filter>
    </ClCompile>
    <ClCompile Include="..\..\src\track\feed_filter.cpp">
      <Filter>track</Filter>
    </ClCompile>
    <ClCompile Include="..\..\src\track\media.cpp">
      <Filter>track</Filter>
    </ClCompile>
    <ClCompile Include="..\..\src\track\media_stream.cpp">
      <Filter>track</Filter>
    </ClCompile>
    <ClCompile Include="..\..\src\track\monitor.cpp">
      <Filter>track</Filter>
    </ClCompile>
    <ClCompile Include="..\..\src\track\recognition.cpp">
      <Filter>track</Filter>
    </ClCompile>
    <ClCompile Include="..\..\src\track\recognition_normalize.cpp">
      <Filter>track</Filter>
    </ClCompile>
    <ClCompile Include="..\..\src\track\recognition_relations.cpp">
      <Filter>track</Filter>
    </ClCompile>
    <ClCompile Include="..\..\src\track\recognition_score.cpp">
      <Filter>track</Filter>
    </ClCompile>
    <ClCompile Include="..\..\src\track\recognition_validate.cpp">
      <Filter>track</Filter>
    </ClCompile>
    <ClCompile Include="..\..\src\track\search.cpp">
      <Filter>track</Filter>
    </ClCompile>
    <ClCompile Include="..\..\src\ui\dialog.cpp">
      <Filter>ui</Filter>
    </ClCompile>
    <ClCompile Include="..\..\src\ui\list.cpp">
      <Filter>ui</Filter>
    </ClCompile>
    <ClCompile Include="..\..\src\ui\menu.cpp">
      <Filter>ui</Filter>
    </ClCompile>
    <ClCompile Include="..\..\src\ui\theme.cpp">
      <Filter>ui</Filter>
    </ClCompile>
    <ClCompile Include="..\..\src\ui\ui.cpp">
      <Filter>ui</Filter>
    </ClCompile>
    <ClCompile Include="..\..\src\ui\dlg\dlg_about.cpp">
      <Filter>ui\dlg</Filter>
    </ClCompile>
    <ClCompile Include="..\..\src\ui\dlg\dlg_anime_info.cpp">
      <Filter>ui\dlg</Filter>
    </ClCompile>
    <ClCompile Include="..\..\src\ui\dlg\dlg_anime_info_page.cpp">
      <Filter>ui\dlg</Filter>
    </ClCompile>
    <ClCompile Include="..\..\src\ui\dlg\dlg_anime_list.cpp">
      <Filter>ui\dlg</Filter>
    </ClCompile>
    <ClCompile Include="..\..\src\ui\dlg\dlg_feed_condition.cpp">
      <Filter>ui\dlg</Filter>
    </ClCompile>
    <ClCompile Include="..\..\src\ui\dlg\dlg_feed_filter.cpp">
      <Filter>ui\dlg</Filter>
    </ClCompile>
    <ClCompile Include="..\..\src\ui\dlg\dlg_format.cpp">
      <Filter>ui\dlg</Filter>
    </ClCompile>
    <ClCompile Include="..\..\src\ui\dlg\dlg_history.cpp">
      <Filter>ui\dlg</Filter>
    </ClCompile>
    <ClCompile Include="..\..\src\ui\dlg\dlg_input.cpp">
      <Filter>ui\dlg</Filter>
    </ClCompile>
    <ClCompile Include="..\..\src\ui\dlg\dlg_main.cpp">
      <Filter>ui\dlg</Filter>
    </ClCompile>
    <ClCompile Include="..\..\src\ui\dlg\dlg_main_controls.cpp">
      <Filter>ui\dlg</Filter>
    </ClCompile>
    <ClCompile Include="..\..\src\ui\dlg\dlg_search.cpp">
      <Filter>ui\dlg</Filter>
    </ClCompile>
    <ClCompile Include="..\..\src\ui\dlg\dlg_season.cpp">
      <Filter>ui\dlg</Filter>
    </ClCompile>
    <ClCompile Include="..\..\src\ui\dlg\dlg_settings.cpp">
      <Filter>ui\dlg</Filter>
    </ClCompile>
    <ClCompile Include="..\..\src\ui\dlg\dlg_settings_page.cpp">
      <Filter>ui\dlg</Filter>
    </ClCompile>
    <ClCompile Include="..\..\src\ui\dlg\dlg_stats.cpp">
      <Filter>ui\dlg</Filter>
    </ClCompile>
    <ClCompile Include="..\..\src\ui\dlg\dlg_torrent.cpp">
      <Filter>ui\dlg</Filter>
    </ClCompile>
    <ClCompile Include="..\..\src\ui\dlg\dlg_update.cpp">
      <Filter>ui\dlg</Filter>
    </ClCompile>
    <ClCompile Include="..\..\src\ui\dlg\dlg_update_new.cpp">
      <Filter>ui\dlg</Filter>
    </ClCompile>
    <ClCompile Include="..\..\src\win\win_accessibility.cpp">
      <Filter>win</Filter>
    </ClCompile>
    <ClCompile Include="..\..\src\win\win_automation.cpp">
      <Filter>win</Filter>
    </ClCompile>
    <ClCompile Include="..\..\src\win\win_commondialog.cpp">
      <Filter>win</Filter>
    </ClCompile>
    <ClCompile Include="..\..\src\win\win_dde.cpp">
      <Filter>win</Filter>
    </ClCompile>
    <ClCompile Include="..\..\src\win\win_dialog.cpp">
      <Filter>win</Filter>
    </ClCompile>
    <ClCompile Include="..\..\src\win\win_gdi.cpp">
      <Filter>win</Filter>
    </ClCompile>
    <ClCompile Include="..\..\src\win\win_gdiplus.cpp">
      <Filter>win</Filter>
    </ClCompile>
    <ClCompile Include="..\..\src\win\win_main.cpp">
      <Filter>win</Filter>
    </ClCompile>
    <ClCompile Include="..\..\src\win\win_menu.cpp">
      <Filter>win</Filter>
    </ClCompile>
    <ClCompile Include="..\..\src\win\win_registry.cpp">
      <Filter>win</Filter>
    </ClCompile>
    <ClCompile Include="..\..\src\win\win_resizable.cpp">
      <Filter>win</Filter>
    </ClCompile>
    <ClCompile Include="..\..\src\win\win_taskbar.cpp">
      <Filter>win</Filter>
    </ClCompile>
    <ClCompile Include="..\..\src\win\win_taskdialog.cpp">
      <Filter>win</Filter>
    </ClCompile>
    <ClCompile Include="..\..\src\win\win_thread.cpp">
      <Filter>win</Filter>
    </ClCompile>
    <ClCompile Include="..\..\src\win\win_window.cpp">
      <Filter>win</Filter>
    </ClCompile>
    <ClCompile Include="..\..\src\win\ctrl\win_ctrl_combobox.cpp">
      <Filter>win\ctrl</Filter>
    </ClCompile>
    <ClCompile Include="..\..\src\win\ctrl\win_ctrl_edit.cpp">
      <Filter>win\ctrl</Filter>
    </ClCompile>
    <ClCompile Include="..\..\src\win\ctrl\win_ctrl_imagelist.cpp">
      <Filter>win\ctrl</Filter>
    </ClCompile>
    <ClCompile Include="..\..\src\win\ctrl\win_ctrl_listview.cpp">
      <Filter>win\ctrl</Filter>
    </ClCompile>
    <ClCompile Include="..\..\src\win\ctrl\win_ctrl_progressbar.cpp">
      <Filter>win\ctrl</Filter>
    </ClCompile>
    <ClCompile Include="..\..\src\win\ctrl\win_ctrl_rebar.cpp">
      <Filter>win\ctrl</Filter>
    </ClCompile>
    <ClCompile Include="..\..\src\win\ctrl\win_ctrl_richedit.cpp">
      <Filter>win\ctrl</Filter>
    </ClCompile>
    <ClCompile Include="..\..\src\win\ctrl\win_ctrl_spin.cpp">
      <Filter>win\ctrl</Filter>
    </ClCompile>
    <ClCompile Include="..\..\src\win\ctrl\win_ctrl_statusbar.cpp">
      <Filter>win\ctrl</Filter>
    </ClCompile>
    <ClCompile Include="..\..\src\win\ctrl\win_ctrl_syslink.cpp">
      <Filter>win\ctrl</Filter>
    </ClCompile>
    <ClCompile Include="..\..\src\win\ctrl\win_ctrl_tab.cpp">
      <Filter>win\ctrl</Filter>
    </ClCompile>
    <ClCompile Include="..\..\src\win\ctrl\win_ctrl_toolbar.cpp">
      <Filter>win\ctrl</Filter>
    </ClCompile>
    <ClCompile Include="..\..\src\win\ctrl\win_ctrl_tooltip.cpp">
      <Filter>win\ctrl</Filter>
    </ClCompile>
    <ClCompile Include="..\..\src\win\ctrl\win_ctrl_treeview.cpp">
      <Filter>win\ctrl</Filter>
    </ClCompile>
  </ItemGroup>
  <ItemGroup>
    <ClInclude Include="..\..\src\base\base64.h">
      <Filter>base</Filter>
    </ClInclude>
    <ClInclude Include="..\..\src\base\comparable.h">
      <Filter>base</Filter>
    </ClInclude>
    <ClInclude Include="..\..\src\base\crc.h">
      <Filter>base</Filter>
    </ClInclude>
    <ClInclude Include="..\..\src\base\crypto.h">
      <Filter>base</Filter>
    </ClInclude>
    <ClInclude Include="..\..\src\base\error.h">
      <Filter>base</Filter>
    </ClInclude>
    <ClInclude Include="..\..\src\base\file.h">
      <Filter>base</Filter>
    </ClInclude>
    <ClInclude Include="..\..\src\base\file_monitor.h">
      <Filter>base</Filter>
    </ClInclude>
    <ClInclude Include="..\..\src\base\foreach.h">
      <Filter>base</Filter>
    </ClInclude>
    <ClInclude Include="..\..\src\base\gfx.h">
      <Filter>base</Filter>
    </ClInclude>
    <ClInclude Include="..\..\src\base\gzip.h">
      <Filter>base</Filter>
    </ClInclude>
    <ClInclude Include="..\..\src\base\html.h">
      <Filter>base</Filter>
    </ClInclude>
    <ClInclude Include="..\..\src\base\http.h">
      <Filter>base</Filter>
    </ClInclude>
    <ClInclude Include="..\..\src\base\json.h">
      <Filter>base</Filter>
    </ClInclude>
    <ClInclude Include="..\..\src\base\log.h">
      <Filter>base</Filter>
    </ClInclude>
    <ClInclude Include="..\..\src\base\map.h">
      <Filter>base</Filter>
    </ClInclude>
    <ClInclude Include="..\..\src\base\oauth.h">
      <Filter>base</Filter>
    </ClInclude>
    <ClInclude Include="..\..\src\base\optional.h">
      <Filter>base</Filter>
    </ClInclude>
    <ClInclude Include="..\..\src\base\process.h">
      <Filter>base</Filter>
    </ClInclude>
    <ClInclude Include="..\..\src\base\settings.h">
      <Filter>base</Filter>
    </ClInclude>
    <ClInclude Include="..\..\src\base\string.h">
      <Filter>base</Filter>
    </ClInclude>
    <ClInclude Include="..\..\src\base\time.h">
      <Filter>base</Filter>
    </ClInclude>
    <ClInclude Include="..\..\src\base\timer.h">
      <Filter>base</Filter>
    </ClInclude>
    <ClInclude Include="..\..\src\base\types.h">
      <Filter>base</Filter>
    </ClInclude>
    <ClInclude Include="..\..\src\base\url.h">
      <Filter>base</Filter>
    </ClInclude>
    <ClInclude Include="..\..\src\base\version.h">
      <Filter>base</Filter>
    </ClInclude>
    <ClInclude Include="..\..\src\base\xml.h">
      <Filter>base</Filter>
    </ClInclude>
    <ClInclude Include="..\..\deps\src\anitomy\anitomy\anitomy.h">
      <Filter>deps\anitomy</Filter>
    </ClInclude>
    <ClInclude Include="..\..\deps\src\anitomy\anitomy\element.h">
      <Filter>deps\anitomy</Filter>
    </ClInclude>
    <ClInclude Include="..\..\deps\src\anitomy\anitomy\keyword.h">
      <Filter>deps\anitomy</Filter>
    </ClInclude>
    <ClInclude Include="..\..\deps\src\anitomy\anitomy\parser.h">
      <Filter>deps\anitomy</Filter>
    </ClInclude>
    <ClInclude Include="..\..\deps\src\anitomy\anitomy\string.h">
      <Filter>deps\anitomy</Filter>
    </ClInclude>
    <ClInclude Include="..\..\deps\src\anitomy\anitomy\token.h">
      <Filter>deps\anitomy</Filter>
    </ClInclude>
    <ClInclude Include="..\..\deps\src\anitomy\anitomy\tokenizer.h">
      <Filter>deps\anitomy</Filter>
    </ClInclude>
    <ClInclude Include="..\..\deps\src\base64\base64.h">
      <Filter>deps\base64</Filter>
    </ClInclude>
    <ClInclude Include="..\..\deps\src\curl\curl.h">
      <Filter>deps\curl</Filter>
    </ClInclude>
    <ClInclude Include="..\..\deps\src\curl\curlbuild.h">
      <Filter>deps\curl</Filter>
    </ClInclude>
    <ClInclude Include="..\..\deps\src\curl\curlrules.h">
      <Filter>deps\curl</Filter>
    </ClInclude>
    <ClInclude Include="..\..\deps\src\curl\curlver.h">
      <Filter>deps\curl</Filter>
    </ClInclude>
    <ClInclude Include="..\..\deps\src\curl\easy.h">
      <Filter>deps\curl</Filter>
    </ClInclude>
    <ClInclude Include="..\..\deps\src\curl\mprintf.h">
      <Filter>deps\curl</Filter>
    </ClInclude>
    <ClInclude Include="..\..\deps\src\curl\multi.h">
      <Filter>deps\curl</Filter>
    </ClInclude>
    <ClInclude Include="..\..\deps\src\curl\stdcheaders.h">
      <Filter>deps\curl</Filter>
    </ClInclude>
    <ClInclude Include="..\..\deps\src\curl\typecheck-gcc.h">
      <Filter>deps\curl</Filter>
    </ClInclude>
    <ClInclude Include="..\..\deps\src\jsoncpp\json\json.h">
      <Filter>deps\jsoncpp</Filter>
    </ClInclude>
    <ClInclude Include="..\..\deps\src\jsoncpp\json\json-forwards.h">
      <Filter>deps\jsoncpp</Filter>
    </ClInclude>
    <ClInclude Include="..\..\deps\src\pugixml\pugiconfig.hpp">
      <Filter>deps\pugixml</Filter>
    </ClInclude>
    <ClInclude Include="..\..\deps\src\pugixml\pugixml.hpp">
      <Filter>deps\pugixml</Filter>
    </ClInclude>
    <ClInclude Include="..\..\deps\src\utf8proc\utf8proc.h">
      <Filter>deps\utf8proc</Filter>
    </ClInclude>
    <ClInclude Include="..\..\deps\src\utf8proc\utf8proc_data.h">
      <Filter>deps\utf8proc</Filter>
    </ClInclude>
    <ClInclude Include="..\..\deps\src\zlib\crc32.h">
      <Filter>deps\zlib</Filter>
    </ClInclude>
    <ClInclude Include="..\..\deps\src\zlib\deflate.h">
      <Filter>deps\zlib</Filter>
    </ClInclude>
    <ClInclude Include="..\..\deps\src\zlib\gzguts.h">
      <Filter>deps\zlib</Filter>
    </ClInclude>
    <ClInclude Include="..\..\deps\src\zlib\inffast.h">
      <Filter>deps\zlib</Filter>
    </ClInclude>
    <ClInclude Include="..\..\deps\src\zlib\inffixed.h">
      <Filter>deps\zlib</Filter>
    </ClInclude>
    <ClInclude Include="..\..\deps\src\zlib\inflate.h">
      <Filter>deps\zlib</Filter>
    </ClInclude>
    <ClInclude Include="..\..\deps\src\zlib\inftrees.h">
      <Filter>deps\zlib</Filter>
    </ClInclude>
    <ClInclude Include="..\..\deps\src\zlib\trees.h">
      <Filter>deps\zlib</Filter>
    </ClInclude>
    <ClInclude Include="..\..\deps\src\zlib\zconf.h">
      <Filter>deps\zlib</Filter>
    </ClInclude>
    <ClInclude Include="..\..\deps\src\zlib\zlib.h">
      <Filter>deps\zlib</Filter>
    </ClInclude>
    <ClInclude Include="..\..\deps\src\zlib\zutil.h">
      <Filter>deps\zlib</Filter>
    </ClInclude>
    <ClInclude Include="..\..\src\library\discover.h">
      <Filter>library</Filter>
    </ClInclude>
    <ClInclude Include="..\..\src\library\history.h">
      <Filter>library</Filter>
    </ClInclude>
    <ClInclude Include="..\..\src\library\metadata.h">
      <Filter>library</Filter>
    </ClInclude>
    <ClInclude Include="..\..\src\library\resource.h">
      <Filter>library</Filter>
    </ClInclude>
    <ClInclude Include="..\..\src\library\anime.h">
      <Filter>library\anime</Filter>
    </ClInclude>
    <ClInclude Include="..\..\src\library\anime_db.h">
      <Filter>library\anime</Filter>
    </ClInclude>
    <ClInclude Include="..\..\src\library\anime_episode.h">
      <Filter>library\anime</Filter>
    </ClInclude>
    <ClInclude Include="..\..\src\library\anime_filter.h">
      <Filter>library\anime</Filter>
    </ClInclude>
    <ClInclude Include="..\..\src\library\anime_item.h">
      <Filter>library\anime</Filter>
    </ClInclude>
    <ClInclude Include="..\..\src\library\anime_season.h">
      <Filter>library\anime</Filter>
    </ClInclude>
    <ClInclude Include="..\..\src\library\anime_util.h">
      <Filter>library\anime</Filter>
    </ClInclude>
    <ClInclude Include="..\..\src\sync\manager.h">
      <Filter>sync</Filter>
    </ClInclude>
    <ClInclude Include="..\..\src\sync\service.h">
      <Filter>sync</Filter>
    </ClInclude>
    <ClInclude Include="..\..\src\sync\sync.h">
      <Filter>sync</Filter>
    </ClInclude>
    <ClInclude Include="..\..\src\sync\hummingbird_util.h">
      <Filter>sync\hummingbird</Filter>
    </ClInclude>
    <ClInclude Include="..\..\src\sync\hummingbird.h">
      <Filter>sync\hummingbird</Filter>
    </ClInclude>
    <ClInclude Include="..\..\src\sync\hummingbird_types.h">
      <Filter>sync\hummingbird</Filter>
    </ClInclude>
    <ClInclude Include="..\..\src\sync\myanimelist_util.h">
      <Filter>sync\myanimelist</Filter>
    </ClInclude>
    <ClInclude Include="..\..\src\sync\myanimelist.h">
      <Filter>sync\myanimelist</Filter>
    </ClInclude>
    <ClInclude Include="..\..\src\sync\myanimelist_types.h">
      <Filter>sync\myanimelist</Filter>
    </ClInclude>
    <ClInclude Include="..\..\src\taiga\announce.h">
      <Filter>taiga</Filter>
    </ClInclude>
    <ClInclude Include="..\..\src\taiga\api.h">
      <Filter>taiga</Filter>
    </ClInclude>
    <ClInclude Include="..\..\src\taiga\debug.h">
      <Filter>taiga</Filter>
    </ClInclude>
    <ClInclude Include="..\..\src\taiga\dummy.h">
      <Filter>taiga</Filter>
    </ClInclude>
    <ClInclude Include="..\..\src\taiga\http.h">
      <Filter>taiga</Filter>
    </ClInclude>
    <ClInclude Include="..\..\src\taiga\orange.h">
      <Filter>taiga</Filter>
    </ClInclude>
    <ClInclude Include="..\..\src\taiga\path.h">
      <Filter>taiga</Filter>
    </ClInclude>
    <ClInclude Include="..\..\src\taiga\resource.h">
      <Filter>taiga</Filter>
    </ClInclude>
    <ClInclude Include="..\..\src\taiga\script.h">
      <Filter>taiga</Filter>
    </ClInclude>
    <ClInclude Include="..\..\src\taiga\settings.h">
      <Filter>taiga</Filter>
    </ClInclude>
    <ClInclude Include="..\..\src\taiga\stats.h">
      <Filter>taiga</Filter>
    </ClInclude>
    <ClInclude Include="..\..\src\taiga\taiga.h">
      <Filter>taiga</Filter>
    </ClInclude>
    <ClInclude Include="..\..\src\taiga\timer.h">
      <Filter>taiga</Filter>
    </ClInclude>
    <ClInclude Include="..\..\src\taiga\update.h">
      <Filter>taiga</Filter>
    </ClInclude>
    <ClInclude Include="..\..\src\taiga\version.h">
      <Filter>taiga</Filter>
    </ClInclude>
    <ClInclude Include="..\..\src\track\feed.h">
      <Filter>track</Filter>
    </ClInclude>
    <ClInclude Include="..\..\src\track\feed_filter.h">
      <Filter>track</Filter>
    </ClInclude>
    <ClInclude Include="..\..\src\track\media.h">
      <Filter>track</Filter>
    </ClInclude>
    <ClInclude Include="..\..\src\track\monitor.h">
      <Filter>track</Filter>
    </ClInclude>
    <ClInclude Include="..\..\src\track\recognition.h">
      <Filter>track</Filter>
    </ClInclude>
    <ClInclude Include="..\..\src\track\search.h">
      <Filter>track</Filter>
    </ClInclude>
    <ClInclude Include="..\..\src\ui\dialog.h">
      <Filter>ui</Filter>
    </ClInclude>
    <ClInclude Include="..\..\src\ui\list.h">
      <Filter>ui</Filter>
    </ClInclude>
    <ClInclude Include="..\..\src\ui\menu.h">
      <Filter>ui</Filter>
    </ClInclude>
    <ClInclude Include="..\..\src\ui\theme.h">
      <Filter>ui</Filter>
    </ClInclude>
    <ClInclude Include="..\..\src\ui\ui.h">
      <Filter>ui</Filter>
    </ClInclude>
    <ClInclude Include="..\..\src\ui\dlg\dlg_about.h">
      <Filter>ui\dlg</Filter>
    </ClInclude>
    <ClInclude Include="..\..\src\ui\dlg\dlg_anime_info.h">
      <Filter>ui\dlg</Filter>
    </ClInclude>
    <ClInclude Include="..\..\src\ui\dlg\dlg_anime_info_page.h">
      <Filter>ui\dlg</Filter>
    </ClInclude>
    <ClInclude Include="..\..\src\ui\dlg\dlg_anime_list.h">
      <Filter>ui\dlg</Filter>
    </ClInclude>
    <ClInclude Include="..\..\src\ui\dlg\dlg_feed_condition.h">
      <Filter>ui\dlg</Filter>
    </ClInclude>
    <ClInclude Include="..\..\src\ui\dlg\dlg_feed_filter.h">
      <Filter>ui\dlg</Filter>
    </ClInclude>
    <ClInclude Include="..\..\src\ui\dlg\dlg_format.h">
      <Filter>ui\dlg</Filter>
    </ClInclude>
    <ClInclude Include="..\..\src\ui\dlg\dlg_history.h">
      <Filter>ui\dlg</Filter>
    </ClInclude>
    <ClInclude Include="..\..\src\ui\dlg\dlg_input.h">
      <Filter>ui\dlg</Filter>
    </ClInclude>
    <ClInclude Include="..\..\src\ui\dlg\dlg_main.h">
      <Filter>ui\dlg</Filter>
    </ClInclude>
    <ClInclude Include="..\..\src\ui\dlg\dlg_search.h">
      <Filter>ui\dlg</Filter>
    </ClInclude>
    <ClInclude Include="..\..\src\ui\dlg\dlg_season.h">
      <Filter>ui\dlg</Filter>
    </ClInclude>
    <ClInclude Include="..\..\src\ui\dlg\dlg_settings.h">
      <Filter>ui\dlg</Filter>
    </ClInclude>
    <ClInclude Include="..\..\src\ui\dlg\dlg_settings_page.h">
      <Filter>ui\dlg</Filter>
    </ClInclude>
    <ClInclude Include="..\..\src\ui\dlg\dlg_stats.h">
      <Filter>ui\dlg</Filter>
    </ClInclude>
    <ClInclude Include="..\..\src\ui\dlg\dlg_torrent.h">
      <Filter>ui\dlg</Filter>
    </ClInclude>
    <ClInclude Include="..\..\src\ui\dlg\dlg_update.h">
      <Filter>ui\dlg</Filter>
    </ClInclude>
    <ClInclude Include="..\..\src\ui\dlg\dlg_update_new.h">
      <Filter>ui\dlg</Filter>
    </ClInclude>
    <ClInclude Include="..\..\src\win\win_accessibility.h">
      <Filter>win</Filter>
    </ClInclude>
    <ClInclude Include="..\..\src\win\win_automation.h">
      <Filter>win</Filter>
    </ClInclude>
    <ClInclude Include="..\..\src\win\win_commondialog.h">
      <Filter>win</Filter>
    </ClInclude>
    <ClInclude Include="..\..\src\win\win_dde.h">
      <Filter>win</Filter>
    </ClInclude>
    <ClInclude Include="..\..\src\win\win_dialog.h">
      <Filter>win</Filter>
    </ClInclude>
    <ClInclude Include="..\..\src\win\win_gdi.h">
      <Filter>win</Filter>
    </ClInclude>
    <ClInclude Include="..\..\src\win\win_gdiplus.h">
      <Filter>win</Filter>
    </ClInclude>
    <ClInclude Include="..\..\src\win\win_main.h">
      <Filter>win</Filter>
    </ClInclude>
    <ClInclude Include="..\..\src\win\win_menu.h">
      <Filter>win</Filter>
    </ClInclude>
    <ClInclude Include="..\..\src\win\win_registry.h">
      <Filter>win</Filter>
    </ClInclude>
    <ClInclude Include="..\..\src\win\win_resizable.h">
      <Filter>win</Filter>
    </ClInclude>
    <ClInclude Include="..\..\src\win\win_taskbar.h">
      <Filter>win</Filter>
    </ClInclude>
    <ClInclude Include="..\..\src\win\win_taskdialog.h">
      <Filter>win</Filter>
    </ClInclude>
    <ClInclude Include="..\..\src\win\win_thread.h">
      <Filter>win</Filter>
    </ClInclude>
    <ClInclude Include="..\..\src\win\win_window.h">
      <Filter>win</Filter>
    </ClInclude>
    <ClInclude Include="..\..\src\win\ctrl\win_ctrl.h">
      <Filter>win\ctrl</Filter>
    </ClInclude>
  </ItemGroup>
  <ItemGroup>
    <ResourceCompile Include="..\..\src\taiga\resource.rc">
      <Filter>taiga</Filter>
    </ResourceCompile>
    <ResourceCompile Include="..\..\src\taiga\version.rc">
      <Filter>taiga</Filter>
    </ResourceCompile>
  </ItemGroup>
</Project>