<?xml version="1.0" encoding="utf-8"?>
<Project ToolsVersion="4.0" xmlns="http://schemas.microsoft.com/developer/msbuild/2003">
  <ItemGroup>
    <Filter Include="base">
      <UniqueIdentifier>{e85a9970-6550-4a11-880f-1926a77e59dc}</UniqueIdentifier>
    </Filter>
    <Filter Include="library">
      <UniqueIdentifier>{55e3541f-a6ee-4d21-8e8f-260b1cf523bb}</UniqueIdentifier>
    </Filter>
    <Filter Include="sync">
      <UniqueIdentifier>{9133f675-fb83-4b5c-a1e0-052179875141}</UniqueIdentifier>
    </Filter>
    <Filter Include="taiga">
      <UniqueIdentifier>{a1203609-2ae6-4ecf-b0d9-68210e43f27f}</UniqueIdentifier>
    </Filter>
    <Filter Include="include">
      <UniqueIdentifier>{de9b6faa-fd42-41ff-a14c-74f061854127}</UniqueIdentifier>
    </Filter>
    <Filter Include="track">
      <UniqueIdentifier>{7fb09042-cbff-4d45-9475-3ab8ce9feba3}</UniqueIdentifier>
    </Filter>
    <Filter Include="ui">
      <UniqueIdentifier>{1ff152cd-876b-4210-b4cc-e018f802262a}</UniqueIdentifier>
    </Filter>
    <Filter Include="ui\dlg">
      <UniqueIdentifier>{d1bdf49c-0a57-4644-b3d9-c38735eae84d}</UniqueIdentifier>
    </Filter>
    <Filter Include="include\zlib">
      <UniqueIdentifier>{c8d3c2ca-aff5-47eb-a494-791f8c819306}</UniqueIdentifier>
    </Filter>
    <Filter Include="include\base64">
      <UniqueIdentifier>{632c9571-5b54-4fc7-b4cb-25cb4abc7b96}</UniqueIdentifier>
    </Filter>
    <Filter Include="include\oauth">
      <UniqueIdentifier>{1c1c56f5-5f1c-4db5-88f0-ed1f7286f97d}</UniqueIdentifier>
    </Filter>
    <Filter Include="include\pugixml">
      <UniqueIdentifier>{69e5923a-3694-4a7d-834b-59c61bb1fa00}</UniqueIdentifier>
    </Filter>
    <Filter Include="win">
      <UniqueIdentifier>{5a049f3c-a24c-4b07-9a18-368feca131b4}</UniqueIdentifier>
    </Filter>
    <Filter Include="win\http">
      <UniqueIdentifier>{58c20329-c357-4173-bd3b-a89d0287f9a8}</UniqueIdentifier>
    </Filter>
    <Filter Include="win\ctrl">
      <UniqueIdentifier>{c5f2befa-8552-490e-bddd-e1a6eea6d47a}</UniqueIdentifier>
    </Filter>
    <Filter Include="sync\myanimelist">
      <UniqueIdentifier>{496cb38d-e9ef-4695-845c-2264442a9835}</UniqueIdentifier>
    </Filter>
    <Filter Include="library\anime">
      <UniqueIdentifier>{34871dd8-76ae-4f8d-96d7-75b13d067a56}</UniqueIdentifier>
    </Filter>
    <Filter Include="include\jsoncpp">
      <UniqueIdentifier>{6efb0ffb-ce73-47bd-bfbc-3480db16ac1d}</UniqueIdentifier>
    </Filter>
    <Filter Include="sync\hummingbird">
      <UniqueIdentifier>{fc17319d-c4b2-43e2-a077-c3c74eeb7139}</UniqueIdentifier>
    </Filter>
  </ItemGroup>
  <ItemGroup>
    <ClCompile Include="third_party\pugixml\pugixml.cpp">
      <Filter>include\pugixml</Filter>
    </ClCompile>
    <ClCompile Include="third_party\oauth\oauth.cpp">
      <Filter>include\oauth</Filter>
    </ClCompile>
    <ClCompile Include="third_party\base64\base64.cpp">
      <Filter>include\base64</Filter>
    </ClCompile>
    <ClCompile Include="third_party\zlib\adler32.c">
      <Filter>include\zlib</Filter>
    </ClCompile>
    <ClCompile Include="third_party\zlib\compress.c">
      <Filter>include\zlib</Filter>
    </ClCompile>
    <ClCompile Include="third_party\zlib\crc32.c">
      <Filter>include\zlib</Filter>
    </ClCompile>
    <ClCompile Include="third_party\zlib\deflate.c">
      <Filter>include\zlib</Filter>
    </ClCompile>
    <ClCompile Include="third_party\zlib\gzclose.c">
      <Filter>include\zlib</Filter>
    </ClCompile>
    <ClCompile Include="third_party\zlib\gzlib.c">
      <Filter>include\zlib</Filter>
    </ClCompile>
    <ClCompile Include="third_party\zlib\gzread.c">
      <Filter>include\zlib</Filter>
    </ClCompile>
    <ClCompile Include="third_party\zlib\gzwrite.c">
      <Filter>include\zlib</Filter>
    </ClCompile>
    <ClCompile Include="third_party\zlib\infback.c">
      <Filter>include\zlib</Filter>
    </ClCompile>
    <ClCompile Include="third_party\zlib\inffast.c">
      <Filter>include\zlib</Filter>
    </ClCompile>
    <ClCompile Include="third_party\zlib\inflate.c">
      <Filter>include\zlib</Filter>
    </ClCompile>
    <ClCompile Include="third_party\zlib\inftrees.c">
      <Filter>include\zlib</Filter>
    </ClCompile>
    <ClCompile Include="third_party\zlib\trees.c">
      <Filter>include\zlib</Filter>
    </ClCompile>
    <ClCompile Include="third_party\zlib\uncompr.c">
      <Filter>include\zlib</Filter>
    </ClCompile>
    <ClCompile Include="third_party\zlib\zutil.c">
      <Filter>include\zlib</Filter>
    </ClCompile>
    <ClCompile Include="ui\dlg\dlg_about.cpp">
      <Filter>ui\dlg</Filter>
    </ClCompile>
    <ClCompile Include="ui\dlg\dlg_anime_info.cpp">
      <Filter>ui\dlg</Filter>
    </ClCompile>
    <ClCompile Include="ui\dlg\dlg_anime_info_page.cpp">
      <Filter>ui\dlg</Filter>
    </ClCompile>
    <ClCompile Include="ui\dlg\dlg_anime_list.cpp">
      <Filter>ui\dlg</Filter>
    </ClCompile>
    <ClCompile Include="ui\dlg\dlg_feed_condition.cpp">
      <Filter>ui\dlg</Filter>
    </ClCompile>
    <ClCompile Include="ui\dlg\dlg_feed_filter.cpp">
      <Filter>ui\dlg</Filter>
    </ClCompile>
    <ClCompile Include="ui\dlg\dlg_format.cpp">
      <Filter>ui\dlg</Filter>
    </ClCompile>
    <ClCompile Include="ui\dlg\dlg_history.cpp">
      <Filter>ui\dlg</Filter>
    </ClCompile>
    <ClCompile Include="ui\dlg\dlg_input.cpp">
      <Filter>ui\dlg</Filter>
    </ClCompile>
    <ClCompile Include="ui\dlg\dlg_main.cpp">
      <Filter>ui\dlg</Filter>
    </ClCompile>
    <ClCompile Include="ui\dlg\dlg_main_controls.cpp">
      <Filter>ui\dlg</Filter>
    </ClCompile>
    <ClCompile Include="ui\dlg\dlg_search.cpp">
      <Filter>ui\dlg</Filter>
    </ClCompile>
    <ClCompile Include="ui\dlg\dlg_season.cpp">
      <Filter>ui\dlg</Filter>
    </ClCompile>
    <ClCompile Include="ui\dlg\dlg_settings.cpp">
      <Filter>ui\dlg</Filter>
    </ClCompile>
    <ClCompile Include="ui\dlg\dlg_settings_page.cpp">
      <Filter>ui\dlg</Filter>
    </ClCompile>
    <ClCompile Include="ui\dlg\dlg_stats.cpp">
      <Filter>ui\dlg</Filter>
    </ClCompile>
    <ClCompile Include="ui\dlg\dlg_test_recognition.cpp">
      <Filter>ui\dlg</Filter>
    </ClCompile>
    <ClCompile Include="ui\dlg\dlg_torrent.cpp">
      <Filter>ui\dlg</Filter>
    </ClCompile>
    <ClCompile Include="ui\dlg\dlg_update.cpp">
      <Filter>ui\dlg</Filter>
    </ClCompile>
    <ClCompile Include="ui\menu.cpp">
      <Filter>ui</Filter>
    </ClCompile>
    <ClCompile Include="ui\theme.cpp">
      <Filter>ui</Filter>
    </ClCompile>
    <ClCompile Include="base\accessibility.cpp">
      <Filter>base</Filter>
    </ClCompile>
    <ClCompile Include="base\dde.cpp">
      <Filter>base</Filter>
    </ClCompile>
    <ClCompile Include="base\encryption.cpp">
      <Filter>base</Filter>
    </ClCompile>
    <ClCompile Include="base\gfx.cpp">
      <Filter>base</Filter>
    </ClCompile>
    <ClCompile Include="base\gzip.cpp">
      <Filter>base</Filter>
    </ClCompile>
    <ClCompile Include="base\logger.cpp">
      <Filter>base</Filter>
    </ClCompile>
    <ClCompile Include="base\process.cpp">
      <Filter>base</Filter>
    </ClCompile>
    <ClCompile Include="base\time.cpp">
      <Filter>base</Filter>
    </ClCompile>
    <ClCompile Include="base\xml.cpp">
      <Filter>base</Filter>
    </ClCompile>
    <ClCompile Include="taiga\action.cpp">
      <Filter>taiga</Filter>
    </ClCompile>
    <ClCompile Include="taiga\api.cpp">
      <Filter>taiga</Filter>
    </ClCompile>
    <ClCompile Include="taiga\debug.cpp">
      <Filter>taiga</Filter>
    </ClCompile>
    <ClCompile Include="taiga\http.cpp">
      <Filter>taiga</Filter>
    </ClCompile>
    <ClCompile Include="taiga\script.cpp">
      <Filter>taiga</Filter>
    </ClCompile>
    <ClCompile Include="taiga\settings.cpp">
      <Filter>taiga</Filter>
    </ClCompile>
    <ClCompile Include="taiga\stats.cpp">
      <Filter>taiga</Filter>
    </ClCompile>
    <ClCompile Include="taiga\taiga.cpp">
      <Filter>taiga</Filter>
    </ClCompile>
    <ClCompile Include="taiga\update.cpp">
      <Filter>taiga</Filter>
    </ClCompile>
    <ClCompile Include="base\string.cpp">
      <Filter>base</Filter>
    </ClCompile>
    <ClCompile Include="track\search.cpp">
      <Filter>track</Filter>
    </ClCompile>
    <ClCompile Include="track\monitor.cpp">
      <Filter>track</Filter>
    </ClCompile>
    <ClCompile Include="track\feed_filter.cpp">
      <Filter>track</Filter>
    </ClCompile>
    <ClCompile Include="track\feed.cpp">
      <Filter>track</Filter>
    </ClCompile>
    <ClCompile Include="library\history.cpp">
      <Filter>library</Filter>
    </ClCompile>
    <ClCompile Include="track\recognition.cpp">
      <Filter>track</Filter>
    </ClCompile>
    <ClCompile Include="main.cpp" />
    <ClCompile Include="win\win_dialog.cpp">
      <Filter>win</Filter>
    </ClCompile>
    <ClCompile Include="win\win_gdi.cpp">
      <Filter>win</Filter>
    </ClCompile>
    <ClCompile Include="win\win_gdiplus.cpp">
      <Filter>win</Filter>
    </ClCompile>
    <ClCompile Include="win\win_main.cpp">
      <Filter>win</Filter>
    </ClCompile>
    <ClCompile Include="win\win_menu.cpp">
      <Filter>win</Filter>
    </ClCompile>
    <ClCompile Include="win\win_registry.cpp">
      <Filter>win</Filter>
    </ClCompile>
    <ClCompile Include="win\win_resizable.cpp">
      <Filter>win</Filter>
    </ClCompile>
    <ClCompile Include="win\win_taskbar.cpp">
      <Filter>win</Filter>
    </ClCompile>
    <ClCompile Include="win\win_taskdialog.cpp">
      <Filter>win</Filter>
    </ClCompile>
    <ClCompile Include="win\win_thread.cpp">
      <Filter>win</Filter>
    </ClCompile>
    <ClCompile Include="win\win_window.cpp">
      <Filter>win</Filter>
    </ClCompile>
    <ClCompile Include="win\http\win_http.cpp">
      <Filter>win\http</Filter>
    </ClCompile>
    <ClCompile Include="win\http\win_http_url.cpp">
      <Filter>win\http</Filter>
    </ClCompile>
    <ClCompile Include="win\http\win_http_callback.cpp">
      <Filter>win\http</Filter>
    </ClCompile>
    <ClCompile Include="win\http\win_http_request.cpp">
      <Filter>win\http</Filter>
    </ClCompile>
    <ClCompile Include="win\http\win_http_response.cpp">
      <Filter>win\http</Filter>
    </ClCompile>
    <ClCompile Include="win\ctrl\win_ctrl_combobox.cpp">
      <Filter>win\ctrl</Filter>
    </ClCompile>
    <ClCompile Include="win\ctrl\win_ctrl_edit.cpp">
      <Filter>win\ctrl</Filter>
    </ClCompile>
    <ClCompile Include="win\ctrl\win_ctrl_imagelist.cpp">
      <Filter>win\ctrl</Filter>
    </ClCompile>
    <ClCompile Include="win\ctrl\win_ctrl_listview.cpp">
      <Filter>win\ctrl</Filter>
    </ClCompile>
    <ClCompile Include="win\ctrl\win_ctrl_progressbar.cpp">
      <Filter>win\ctrl</Filter>
    </ClCompile>
    <ClCompile Include="win\ctrl\win_ctrl_rebar.cpp">
      <Filter>win\ctrl</Filter>
    </ClCompile>
    <ClCompile Include="win\ctrl\win_ctrl_richedit.cpp">
      <Filter>win\ctrl</Filter>
    </ClCompile>
    <ClCompile Include="win\ctrl\win_ctrl_spin.cpp">
      <Filter>win\ctrl</Filter>
    </ClCompile>
    <ClCompile Include="win\ctrl\win_ctrl_statusbar.cpp">
      <Filter>win\ctrl</Filter>
    </ClCompile>
    <ClCompile Include="win\ctrl\win_ctrl_syslink.cpp">
      <Filter>win\ctrl</Filter>
    </ClCompile>
    <ClCompile Include="win\ctrl\win_ctrl_tab.cpp">
      <Filter>win\ctrl</Filter>
    </ClCompile>
    <ClCompile Include="win\ctrl\win_ctrl_toolbar.cpp">
      <Filter>win\ctrl</Filter>
    </ClCompile>
    <ClCompile Include="win\ctrl\win_ctrl_tooltip.cpp">
      <Filter>win\ctrl</Filter>
    </ClCompile>
    <ClCompile Include="win\ctrl\win_ctrl_treeview.cpp">
      <Filter>win\ctrl</Filter>
    </ClCompile>
    <ClCompile Include="sync\service.cpp">
      <Filter>sync</Filter>
    </ClCompile>
    <ClCompile Include="sync\manager.cpp">
      <Filter>sync</Filter>
    </ClCompile>
    <ClCompile Include="sync\sync.cpp">
      <Filter>sync</Filter>
    </ClCompile>
    <ClCompile Include="ui\ui.cpp">
      <Filter>ui</Filter>
    </ClCompile>
    <ClCompile Include="taiga\announce.cpp">
      <Filter>taiga</Filter>
    </ClCompile>
    <ClCompile Include="sync\myanimelist.cpp">
      <Filter>sync\myanimelist</Filter>
    </ClCompile>
    <ClCompile Include="sync\myanimelist_util.cpp">
      <Filter>sync\myanimelist</Filter>
    </ClCompile>
    <ClCompile Include="library\metadata.cpp">
      <Filter>library</Filter>
    </ClCompile>
    <ClCompile Include="ui\list.cpp">
      <Filter>ui</Filter>
    </ClCompile>
    <ClCompile Include="base\file.cpp">
      <Filter>base</Filter>
    </ClCompile>
    <ClCompile Include="base\crc.cpp">
      <Filter>base</Filter>
    </ClCompile>
    <ClCompile Include="base\encoding.cpp">
      <Filter>base</Filter>
    </ClCompile>
    <ClCompile Include="library\discover.cpp">
      <Filter>library</Filter>
    </ClCompile>
    <ClCompile Include="taiga\path.cpp">
      <Filter>taiga</Filter>
    </ClCompile>
    <ClCompile Include="library\anime_db.cpp">
      <Filter>library\anime</Filter>
    </ClCompile>
    <ClCompile Include="library\anime_episode.cpp">
      <Filter>library\anime</Filter>
    </ClCompile>
    <ClCompile Include="library\anime_filter.cpp">
      <Filter>library\anime</Filter>
    </ClCompile>
    <ClCompile Include="library\anime_item.cpp">
      <Filter>library\anime</Filter>
    </ClCompile>
    <ClCompile Include="library\anime_util.cpp">
      <Filter>library\anime</Filter>
    </ClCompile>
    <ClCompile Include="library\anime_util_time.cpp">
      <Filter>library\anime</Filter>
    </ClCompile>
    <ClCompile Include="library\anime.cpp">
      <Filter>library\anime</Filter>
    </ClCompile>
    <ClCompile Include="library\resource.cpp">
      <Filter>library</Filter>
    </ClCompile>
    <ClCompile Include="taiga\dummy.cpp">
      <Filter>taiga</Filter>
    </ClCompile>
    <ClCompile Include="ui\dialog.cpp">
      <Filter>ui</Filter>
    </ClCompile>
    <ClCompile Include="third_party\jsoncpp\json_reader.cpp">
      <Filter>include\jsoncpp</Filter>
    </ClCompile>
    <ClCompile Include="third_party\jsoncpp\json_value.cpp">
      <Filter>include\jsoncpp</Filter>
    </ClCompile>
    <ClCompile Include="third_party\jsoncpp\json_writer.cpp">
      <Filter>include\jsoncpp</Filter>
    </ClCompile>
    <ClCompile Include="base\json.cpp">
      <Filter>base</Filter>
    </ClCompile>
    <ClCompile Include="base\version.cpp">
      <Filter>base</Filter>
    </ClCompile>
    <ClCompile Include="base\timer.cpp">
      <Filter>base</Filter>
    </ClCompile>
    <ClCompile Include="taiga\timer.cpp">
      <Filter>taiga</Filter>
    </ClCompile>
    <ClCompile Include="track\media_stream.cpp">
      <Filter>track</Filter>
    </ClCompile>
    <ClCompile Include="track\media.cpp">
      <Filter>track</Filter>
    </ClCompile>
    <ClCompile Include="sync\hummingbird.cpp">
      <Filter>sync\hummingbird</Filter>
    </ClCompile>
    <ClCompile Include="sync\hummingbird_util.cpp">
      <Filter>sync\hummingbird</Filter>
    </ClCompile>
    <ClCompile Include="ui\dlg\dlg_update_new.cpp">
      <Filter>ui\dlg</Filter>
    </ClCompile>
  </ItemGroup>
  <ItemGroup>
    <ClInclude Include="third_party\pugixml\pugixml.hpp">
      <Filter>include\pugixml</Filter>
    </ClInclude>
    <ClInclude Include="third_party\pugixml\pugiconfig.hpp">
      <Filter>include\pugixml</Filter>
    </ClInclude>
    <ClInclude Include="third_party\oauth\oauth.h">
      <Filter>include\oauth</Filter>
    </ClInclude>
    <ClInclude Include="third_party\base64\base64.h">
      <Filter>include\base64</Filter>
    </ClInclude>
    <ClInclude Include="third_party\zlib\crc32.h">
      <Filter>include\zlib</Filter>
    </ClInclude>
    <ClInclude Include="third_party\zlib\deflate.h">
      <Filter>include\zlib</Filter>
    </ClInclude>
    <ClInclude Include="third_party\zlib\gzguts.h">
      <Filter>include\zlib</Filter>
    </ClInclude>
    <ClInclude Include="third_party\zlib\inffast.h">
      <Filter>include\zlib</Filter>
    </ClInclude>
    <ClInclude Include="third_party\zlib\inffixed.h">
      <Filter>include\zlib</Filter>
    </ClInclude>
    <ClInclude Include="third_party\zlib\inflate.h">
      <Filter>include\zlib</Filter>
    </ClInclude>
    <ClInclude Include="third_party\zlib\inftrees.h">
      <Filter>include\zlib</Filter>
    </ClInclude>
    <ClInclude Include="third_party\zlib\trees.h">
      <Filter>include\zlib</Filter>
    </ClInclude>
    <ClInclude Include="third_party\zlib\zconf.h">
      <Filter>include\zlib</Filter>
    </ClInclude>
    <ClInclude Include="third_party\zlib\zlib.h">
      <Filter>include\zlib</Filter>
    </ClInclude>
    <ClInclude Include="third_party\zlib\zutil.h">
      <Filter>include\zlib</Filter>
    </ClInclude>
    <ClInclude Include="ui\dlg\dlg_update.h">
      <Filter>ui\dlg</Filter>
    </ClInclude>
    <ClInclude Include="ui\dlg\dlg_about.h">
      <Filter>ui\dlg</Filter>
    </ClInclude>
    <ClInclude Include="ui\dlg\dlg_anime_info.h">
      <Filter>ui\dlg</Filter>
    </ClInclude>
    <ClInclude Include="ui\dlg\dlg_anime_info_page.h">
      <Filter>ui\dlg</Filter>
    </ClInclude>
    <ClInclude Include="ui\dlg\dlg_anime_list.h">
      <Filter>ui\dlg</Filter>
    </ClInclude>
    <ClInclude Include="ui\dlg\dlg_feed_condition.h">
      <Filter>ui\dlg</Filter>
    </ClInclude>
    <ClInclude Include="ui\dlg\dlg_feed_filter.h">
      <Filter>ui\dlg</Filter>
    </ClInclude>
    <ClInclude Include="ui\dlg\dlg_format.h">
      <Filter>ui\dlg</Filter>
    </ClInclude>
    <ClInclude Include="ui\dlg\dlg_history.h">
      <Filter>ui\dlg</Filter>
    </ClInclude>
    <ClInclude Include="ui\dlg\dlg_input.h">
      <Filter>ui\dlg</Filter>
    </ClInclude>
    <ClInclude Include="ui\dlg\dlg_main.h">
      <Filter>ui\dlg</Filter>
    </ClInclude>
    <ClInclude Include="ui\dlg\dlg_search.h">
      <Filter>ui\dlg</Filter>
    </ClInclude>
    <ClInclude Include="ui\dlg\dlg_season.h">
      <Filter>ui\dlg</Filter>
    </ClInclude>
    <ClInclude Include="ui\dlg\dlg_settings.h">
      <Filter>ui\dlg</Filter>
    </ClInclude>
    <ClInclude Include="ui\dlg\dlg_settings_page.h">
      <Filter>ui\dlg</Filter>
    </ClInclude>
    <ClInclude Include="ui\dlg\dlg_stats.h">
      <Filter>ui\dlg</Filter>
    </ClInclude>
    <ClInclude Include="ui\dlg\dlg_test_recognition.h">
      <Filter>ui\dlg</Filter>
    </ClInclude>
    <ClInclude Include="ui\dlg\dlg_torrent.h">
      <Filter>ui\dlg</Filter>
    </ClInclude>
    <ClInclude Include="ui\theme.h">
      <Filter>ui</Filter>
    </ClInclude>
    <ClInclude Include="base\accessibility.h">
      <Filter>base</Filter>
    </ClInclude>
    <ClInclude Include="base\dde.h">
      <Filter>base</Filter>
    </ClInclude>
    <ClInclude Include="base\foreach.h">
      <Filter>base</Filter>
    </ClInclude>
    <ClInclude Include="base\gfx.h">
      <Filter>base</Filter>
    </ClInclude>
    <ClInclude Include="base\logger.h">
      <Filter>base</Filter>
    </ClInclude>
    <ClInclude Include="base\optional.h">
      <Filter>base</Filter>
    </ClInclude>
    <ClInclude Include="base\process.h">
      <Filter>base</Filter>
    </ClInclude>
    <ClInclude Include="base\string.h">
      <Filter>base</Filter>
    </ClInclude>
    <ClInclude Include="base\time.h">
      <Filter>base</Filter>
    </ClInclude>
    <ClInclude Include="base\xml.h">
      <Filter>base</Filter>
    </ClInclude>
    <ClInclude Include="taiga\api.h">
      <Filter>taiga</Filter>
    </ClInclude>
    <ClInclude Include="taiga\debug.h">
      <Filter>taiga</Filter>
    </ClInclude>
    <ClInclude Include="taiga\http.h">
      <Filter>taiga</Filter>
    </ClInclude>
    <ClInclude Include="taiga\resource.h">
      <Filter>taiga</Filter>
    </ClInclude>
    <ClInclude Include="taiga\settings.h">
      <Filter>taiga</Filter>
    </ClInclude>
    <ClInclude Include="taiga\stats.h">
      <Filter>taiga</Filter>
    </ClInclude>
    <ClInclude Include="taiga\taiga.h">
      <Filter>taiga</Filter>
    </ClInclude>
    <ClInclude Include="taiga\update.h">
      <Filter>taiga</Filter>
    </ClInclude>
    <ClInclude Include="taiga\version.h">
      <Filter>taiga</Filter>
    </ClInclude>
    <ClInclude Include="library\history.h">
      <Filter>library</Filter>
    </ClInclude>
    <ClInclude Include="track\feed.h">
      <Filter>track</Filter>
    </ClInclude>
    <ClInclude Include="track\media.h">
      <Filter>track</Filter>
    </ClInclude>
    <ClInclude Include="track\monitor.h">
      <Filter>track</Filter>
    </ClInclude>
    <ClInclude Include="track\recognition.h">
      <Filter>track</Filter>
    </ClInclude>
    <ClInclude Include="win\win_dialog.h">
      <Filter>win</Filter>
    </ClInclude>
    <ClInclude Include="win\win_gdi.h">
      <Filter>win</Filter>
    </ClInclude>
    <ClInclude Include="win\win_gdiplus.h">
      <Filter>win</Filter>
    </ClInclude>
    <ClInclude Include="win\win_main.h">
      <Filter>win</Filter>
    </ClInclude>
    <ClInclude Include="win\win_menu.h">
      <Filter>win</Filter>
    </ClInclude>
    <ClInclude Include="win\win_registry.h">
      <Filter>win</Filter>
    </ClInclude>
    <ClInclude Include="win\win_resizable.h">
      <Filter>win</Filter>
    </ClInclude>
    <ClInclude Include="win\win_taskbar.h">
      <Filter>win</Filter>
    </ClInclude>
    <ClInclude Include="win\win_taskdialog.h">
      <Filter>win</Filter>
    </ClInclude>
    <ClInclude Include="win\win_thread.h">
      <Filter>win</Filter>
    </ClInclude>
    <ClInclude Include="win\win_window.h">
      <Filter>win</Filter>
    </ClInclude>
    <ClInclude Include="win\http\win_http.h">
      <Filter>win\http</Filter>
    </ClInclude>
    <ClInclude Include="win\ctrl\win_ctrl.h">
      <Filter>win\ctrl</Filter>
    </ClInclude>
    <ClInclude Include="base\gzip.h">
      <Filter>base</Filter>
    </ClInclude>
    <ClInclude Include="base\types.h">
      <Filter>base</Filter>
    </ClInclude>
    <ClInclude Include="base\map.h">
      <Filter>base</Filter>
    </ClInclude>
    <ClInclude Include="base\encryption.h">
      <Filter>base</Filter>
    </ClInclude>
    <ClInclude Include="sync\service.h">
      <Filter>sync</Filter>
    </ClInclude>
    <ClInclude Include="sync\manager.h">
      <Filter>sync</Filter>
    </ClInclude>
    <ClInclude Include="sync\sync.h">
      <Filter>sync</Filter>
    </ClInclude>
    <ClInclude Include="ui\ui.h">
      <Filter>ui</Filter>
    </ClInclude>
    <ClInclude Include="ui\menu.h">
      <Filter>ui</Filter>
    </ClInclude>
    <ClInclude Include="taiga\announce.h">
      <Filter>taiga</Filter>
    </ClInclude>
    <ClInclude Include="sync\myanimelist_util.h">
      <Filter>sync\myanimelist</Filter>
    </ClInclude>
    <ClInclude Include="sync\myanimelist.h">
      <Filter>sync\myanimelist</Filter>
    </ClInclude>
    <ClInclude Include="sync\myanimelist_types.h">
      <Filter>sync\myanimelist</Filter>
    </ClInclude>
    <ClInclude Include="library\metadata.h">
      <Filter>library</Filter>
    </ClInclude>
    <ClInclude Include="ui\list.h">
      <Filter>ui</Filter>
    </ClInclude>
    <ClInclude Include="taiga\script.h">
      <Filter>taiga</Filter>
    </ClInclude>
    <ClInclude Include="base\file.h">
      <Filter>base</Filter>
    </ClInclude>
    <ClInclude Include="base\crc.h">
      <Filter>base</Filter>
    </ClInclude>
    <ClInclude Include="base\encoding.h">
      <Filter>base</Filter>
    </ClInclude>
    <ClInclude Include="library\discover.h">
      <Filter>library</Filter>
    </ClInclude>
    <ClInclude Include="taiga\path.h">
      <Filter>taiga</Filter>
    </ClInclude>
    <ClInclude Include="library\anime.h">
      <Filter>library\anime</Filter>
    </ClInclude>
    <ClInclude Include="library\anime_db.h">
      <Filter>library\anime</Filter>
    </ClInclude>
    <ClInclude Include="library\anime_episode.h">
      <Filter>library\anime</Filter>
    </ClInclude>
    <ClInclude Include="library\anime_filter.h">
      <Filter>library\anime</Filter>
    </ClInclude>
    <ClInclude Include="library\anime_item.h">
      <Filter>library\anime</Filter>
    </ClInclude>
    <ClInclude Include="library\anime_util.h">
      <Filter>library\anime</Filter>
    </ClInclude>
    <ClInclude Include="library\resource.h">
      <Filter>library</Filter>
    </ClInclude>
    <ClInclude Include="taiga\dummy.h">
      <Filter>taiga</Filter>
    </ClInclude>
    <ClInclude Include="ui\dialog.h">
      <Filter>ui</Filter>
    </ClInclude>
    <ClInclude Include="third_party\jsoncpp\json\autolink.h">
      <Filter>include\jsoncpp</Filter>
    </ClInclude>
    <ClInclude Include="third_party\jsoncpp\json\config.h">
      <Filter>include\jsoncpp</Filter>
    </ClInclude>
    <ClInclude Include="third_party\jsoncpp\json\features.h">
      <Filter>include\jsoncpp</Filter>
    </ClInclude>
    <ClInclude Include="third_party\jsoncpp\json\forwards.h">
      <Filter>include\jsoncpp</Filter>
    </ClInclude>
    <ClInclude Include="third_party\jsoncpp\json\json.h">
      <Filter>include\jsoncpp</Filter>
    </ClInclude>
    <ClInclude Include="third_party\jsoncpp\json\reader.h">
      <Filter>include\jsoncpp</Filter>
    </ClInclude>
    <ClInclude Include="third_party\jsoncpp\json\value.h">
      <Filter>include\jsoncpp</Filter>
    </ClInclude>
    <ClInclude Include="third_party\jsoncpp\json\writer.h">
      <Filter>include\jsoncpp</Filter>
    </ClInclude>
    <ClInclude Include="third_party\jsoncpp\json_batchallocator.h">
      <Filter>include\jsoncpp</Filter>
    </ClInclude>
    <ClInclude Include="third_party\jsoncpp\json_tool.h">
      <Filter>include\jsoncpp</Filter>
    </ClInclude>
    <ClInclude Include="base\json.h">
      <Filter>base</Filter>
    </ClInclude>
    <ClInclude Include="base\version.h">
      <Filter>base</Filter>
    </ClInclude>
    <ClInclude Include="base\timer.h">
      <Filter>base</Filter>
    </ClInclude>
    <ClInclude Include="taiga\timer.h">
      <Filter>taiga</Filter>
    </ClInclude>
    <ClInclude Include="sync\hummingbird.h">
      <Filter>sync\hummingbird</Filter>
    </ClInclude>
    <ClInclude Include="sync\hummingbird_types.h">
      <Filter>sync\hummingbird</Filter>
    </ClInclude>
    <ClInclude Include="sync\hummingbird_util.h">
      <Filter>sync\hummingbird</Filter>
    </ClInclude>
    <ClInclude Include="ui\dlg\dlg_update_new.h">
      <Filter>ui\dlg</Filter>
    </ClInclude>
    <ClInclude Include="track\search.h">
      <Filter>track</Filter>
    </ClInclude>
  </ItemGroup>
  <ItemGroup>
    <ResourceCompile Include="taiga\version.rc">
      <Filter>taiga</Filter>
    </ResourceCompile>
    <ResourceCompile Include="taiga\resource.rc">
      <Filter>taiga</Filter>
    </ResourceCompile>
  </ItemGroup>
  <ItemGroup>
    <None Include="third_party\jsoncpp\json_internalarray.inl">
      <Filter>include\jsoncpp</Filter>
    </None>
    <None Include="third_party\jsoncpp\json_internalmap.inl">
      <Filter>include\jsoncpp</Filter>
    </None>
    <None Include="third_party\jsoncpp\json_valueiterator.inl">
      <Filter>include\jsoncpp</Filter>
    </None>
  </ItemGroup>
</Project>